// !$*UTF8*$!
{
	archiveVersion = 1;
	classes = {
	};
	objectVersion = 50;
	objects = {

/* Begin PBXBuildFile section */
		923F2B4627A0FC5A00443936 /* Renderer.swift in Sources */ = {isa = PBXBuildFile; fileRef = 923F2B4527A0FC5A00443936 /* Renderer.swift */; };
		923F2B5127A0FCD900443936 /* LiquidFun.mm in Sources */ = {isa = PBXBuildFile; fileRef = 923F2B4927A0FCD900443936 /* LiquidFun.mm */; };
		923F2B5227A0FCD900443936 /* JointTest.cpp in Sources */ = {isa = PBXBuildFile; fileRef = 923F2B4C27A0FCD900443936 /* JointTest.cpp */; };
		923F2B5327A0FCD900443936 /* Tube.cpp in Sources */ = {isa = PBXBuildFile; fileRef = 923F2B4D27A0FCD900443936 /* Tube.cpp */; };
		923F2B5D27A0FCE200443936 /* Engine.swift in Sources */ = {isa = PBXBuildFile; fileRef = 923F2B5527A0FCE200443936 /* Engine.swift */; };
		923F2B6127A0FCE200443936 /* Preferences.swift in Sources */ = {isa = PBXBuildFile; fileRef = 923F2B5A27A0FCE200443936 /* Preferences.swift */; };
		923F2B6227A0FCE200443936 /* GameTime.swift in Sources */ = {isa = PBXBuildFile; fileRef = 923F2B5B27A0FCE200443936 /* GameTime.swift */; };
		923F2B6327A0FCE200443936 /* GameSettings.swift in Sources */ = {isa = PBXBuildFile; fileRef = 923F2B5C27A0FCE200443936 /* GameSettings.swift */; };
		923F2BA727A0FD6C00443936 /* testtube.obj in Resources */ = {isa = PBXBuildFile; fileRef = 923F2B8827A0FD6C00443936 /* testtube.obj */; };
		923F2BA827A0FD6C00443936 /* Jug.png in Resources */ = {isa = PBXBuildFile; fileRef = 923F2B8927A0FD6C00443936 /* Jug.png */; };
		923F2BA927A0FD6C00443936 /* snakedead.png in Resources */ = {isa = PBXBuildFile; fileRef = 923F2B8A27A0FD6C00443936 /* snakedead.png */; };
		923F2BAC27A0FD6C00443936 /* testflat.mtl in Resources */ = {isa = PBXBuildFile; fileRef = 923F2B8F27A0FD6C00443936 /* testflat.mtl */; };
		923F2BAD27A0FD6C00443936 /* testflat.obj in Resources */ = {isa = PBXBuildFile; fileRef = 923F2B9027A0FD6C00443936 /* testflat.obj */; };
		923F2BAE27A0FD6C00443936 /* testflat.png in Resources */ = {isa = PBXBuildFile; fileRef = 923F2B9127A0FD6C00443936 /* testflat.png */; };
		923F2BAF27A0FD6C00443936 /* apple.png in Resources */ = {isa = PBXBuildFile; fileRef = 923F2B9227A0FD6C00443936 /* apple.png */; };
		923F2BB027A0FD6C00443936 /* cloud2.obj in Resources */ = {isa = PBXBuildFile; fileRef = 923F2B9427A0FD6C00443936 /* cloud2.obj */; };
		923F2BB127A0FD6C00443936 /* cloud3.obj in Resources */ = {isa = PBXBuildFile; fileRef = 923F2B9527A0FD6C00443936 /* cloud3.obj */; };
		923F2BB227A0FD6C00443936 /* cloud1.obj in Resources */ = {isa = PBXBuildFile; fileRef = 923F2B9627A0FD6C00443936 /* cloud1.obj */; };
		923F2BB327A0FD6C00443936 /* cloud0.obj in Resources */ = {isa = PBXBuildFile; fileRef = 923F2B9727A0FD6C00443936 /* cloud0.obj */; };
		923F2BB427A0FD6C00443936 /* cloud3.png in Resources */ = {isa = PBXBuildFile; fileRef = 923F2B9827A0FD6C00443936 /* cloud3.png */; };
		923F2BB527A0FD6C00443936 /* cloud2.png in Resources */ = {isa = PBXBuildFile; fileRef = 923F2B9927A0FD6C00443936 /* cloud2.png */; };
		923F2BB627A0FD6C00443936 /* Cloud0.png in Resources */ = {isa = PBXBuildFile; fileRef = 923F2B9A27A0FD6C00443936 /* Cloud0.png */; };
		923F2BB727A0FD6C00443936 /* cloud1.png in Resources */ = {isa = PBXBuildFile; fileRef = 923F2B9B27A0FD6C00443936 /* cloud1.png */; };
		923F2BB827A0FD6C00443936 /* cloud1.mtl in Resources */ = {isa = PBXBuildFile; fileRef = 923F2B9C27A0FD6C00443936 /* cloud1.mtl */; };
		923F2BB927A0FD6C00443936 /* cloud0.mtl in Resources */ = {isa = PBXBuildFile; fileRef = 923F2B9D27A0FD6C00443936 /* cloud0.mtl */; };
		923F2BBA27A0FD6C00443936 /* cloud2.mtl in Resources */ = {isa = PBXBuildFile; fileRef = 923F2B9E27A0FD6C00443936 /* cloud2.mtl */; };
		923F2BBB27A0FD6C00443936 /* cloud3.mtl in Resources */ = {isa = PBXBuildFile; fileRef = 923F2B9F27A0FD6C00443936 /* cloud3.mtl */; };
		923F2BBC27A0FD6C00443936 /* 3DJug.obj in Resources */ = {isa = PBXBuildFile; fileRef = 923F2BA027A0FD6C00443936 /* 3DJug.obj */; };
		923F2BBD27A0FD6C00443936 /* cruiser.obj in Resources */ = {isa = PBXBuildFile; fileRef = 923F2BA227A0FD6C00443936 /* cruiser.obj */; };
		923F2BBE27A0FD6C00443936 /* cruiser.bmp in Resources */ = {isa = PBXBuildFile; fileRef = 923F2BA327A0FD6C00443936 /* cruiser.bmp */; };
		923F2BBF27A0FD6C00443936 /* cruiser.mtl in Resources */ = {isa = PBXBuildFile; fileRef = 923F2BA427A0FD6C00443936 /* cruiser.mtl */; };
		923F2BC027A0FD6C00443936 /* Half3DJug.obj in Resources */ = {isa = PBXBuildFile; fileRef = 923F2BA527A0FD6C00443936 /* Half3DJug.obj */; };
		923F2BC127A0FD6C00443936 /* snake.png in Resources */ = {isa = PBXBuildFile; fileRef = 923F2BA627A0FD6C00443936 /* snake.png */; };
		923F2BD027A0FD7300443936 /* MetalTypes.swift in Sources */ = {isa = PBXBuildFile; fileRef = 923F2BC327A0FD7300443936 /* MetalTypes.swift */; };
		923F2BD127A0FD7300443936 /* CustomMesh.swift in Sources */ = {isa = PBXBuildFile; fileRef = 923F2BC527A0FD7300443936 /* CustomMesh.swift */; };
		923F2BD227A0FD7300443936 /* TextureLibrary.swift in Sources */ = {isa = PBXBuildFile; fileRef = 923F2BC627A0FD7300443936 /* TextureLibrary.swift */; };
		923F2BD327A0FD7300443936 /* DepthStencilStates.swift in Sources */ = {isa = PBXBuildFile; fileRef = 923F2BC727A0FD7300443936 /* DepthStencilStates.swift */; };
		923F2BD427A0FD7300443936 /* MeshLibrary.swift in Sources */ = {isa = PBXBuildFile; fileRef = 923F2BC827A0FD7300443936 /* MeshLibrary.swift */; };
		923F2BD527A0FD7300443936 /* Samplers.swift in Sources */ = {isa = PBXBuildFile; fileRef = 923F2BC927A0FD7300443936 /* Samplers.swift */; };
		923F2BD627A0FD7300443936 /* RenderPipelineStates.swift in Sources */ = {isa = PBXBuildFile; fileRef = 923F2BCA27A0FD7300443936 /* RenderPipelineStates.swift */; };
		923F2BD727A0FD7300443936 /* BasicShaders.metal in Sources */ = {isa = PBXBuildFile; fileRef = 923F2BCB27A0FD7300443936 /* BasicShaders.metal */; };
		923F2BD827A0FD7300443936 /* MetalTypes.metal in Sources */ = {isa = PBXBuildFile; fileRef = 923F2BCC27A0FD7300443936 /* MetalTypes.metal */; };
		923F2BD927A0FD7300443936 /* FinalShaders.metal in Sources */ = {isa = PBXBuildFile; fileRef = 923F2BCD27A0FD7300443936 /* FinalShaders.metal */; };
		923F2BDA27A0FD7300443936 /* FluidShaders.metal in Sources */ = {isa = PBXBuildFile; fileRef = 923F2BCE27A0FD7300443936 /* FluidShaders.metal */; };
		923F2BDB27A0FD7300443936 /* InstancedShaders.metal in Sources */ = {isa = PBXBuildFile; fileRef = 923F2BCF27A0FD7300443936 /* InstancedShaders.metal */; };
		923F2BF127A0FD8C00443936 /* Scene.swift in Sources */ = {isa = PBXBuildFile; fileRef = 923F2BDE27A0FD8C00443936 /* Scene.swift */; };
		923F2BF227A0FD8C00443936 /* TestTubeScene.swift in Sources */ = {isa = PBXBuildFile; fileRef = 923F2BDF27A0FD8C00443936 /* TestTubeScene.swift */; };
		923F2BF327A0FD8C00443936 /* Node.swift in Sources */ = {isa = PBXBuildFile; fileRef = 923F2BE027A0FD8C00443936 /* Node.swift */; };
		923F2BF427A0FD8C00443936 /* Levels.swift in Sources */ = {isa = PBXBuildFile; fileRef = 923F2BE227A0FD8C00443936 /* Levels.swift */; };
		923F2BF527A0FD8C00443936 /* GameStateEnums.swift in Sources */ = {isa = PBXBuildFile; fileRef = 923F2BE327A0FD8C00443936 /* GameStateEnums.swift */; };
		923F2BF627A0FD8C00443936 /* DebugEnvironment.swift in Sources */ = {isa = PBXBuildFile; fileRef = 923F2BE527A0FD8C00443936 /* DebugEnvironment.swift */; };
		923F2BF727A0FD8C00443936 /* Camera.swift in Sources */ = {isa = PBXBuildFile; fileRef = 923F2BE727A0FD8C00443936 /* Camera.swift */; };
		923F2BF827A0FD8C00443936 /* TestTube.swift in Sources */ = {isa = PBXBuildFile; fileRef = 923F2BE827A0FD8C00443936 /* TestTube.swift */; };
		923F2BF927A0FD8C00443936 /* TubeRep.swift in Sources */ = {isa = PBXBuildFile; fileRef = 923F2BE927A0FD8C00443936 /* TubeRep.swift */; };
		923F2BFA27A0FD8C00443936 /* SkyBackground.swift in Sources */ = {isa = PBXBuildFile; fileRef = 923F2BEB27A0FD8C00443936 /* SkyBackground.swift */; };
		923F2BFB27A0FD8C00443936 /* CloudsBackground.swift in Sources */ = {isa = PBXBuildFile; fileRef = 923F2BEC27A0FD8C00443936 /* CloudsBackground.swift */; };
		923F2BFC27A0FD8C00443936 /* GameObject.swift in Sources */ = {isa = PBXBuildFile; fileRef = 923F2BED27A0FD8C00443936 /* GameObject.swift */; };
		923F2BFD27A0FD8C00443936 /* InstancedObject.swift in Sources */ = {isa = PBXBuildFile; fileRef = 923F2BEE27A0FD8C00443936 /* InstancedObject.swift */; };
		923F2BFE27A0FD8C00443936 /* Renderable.swift in Sources */ = {isa = PBXBuildFile; fileRef = 923F2BF027A0FD8C00443936 /* Renderable.swift */; };
		923F2C0427A0FDB500443936 /* Math.swift in Sources */ = {isa = PBXBuildFile; fileRef = 923F2C0027A0FDB500443936 /* Math.swift */; };
		923F2C0527A0FDB500443936 /* TextureLoader.swift in Sources */ = {isa = PBXBuildFile; fileRef = 923F2C0127A0FDB500443936 /* TextureLoader.swift */; };
		923F2C0627A0FDB500443936 /* OBJLoader.swift in Sources */ = {isa = PBXBuildFile; fileRef = 923F2C0227A0FDB500443936 /* OBJLoader.swift */; };
		923F2C0727A0FDB500443936 /* ColorUtil.swift in Sources */ = {isa = PBXBuildFile; fileRef = 923F2C0327A0FDB500443936 /* ColorUtil.swift */; };
		923F2C0A27A0FE7400443936 /* quad.mtl in Resources */ = {isa = PBXBuildFile; fileRef = 923F2C0827A0FE7400443936 /* quad.mtl */; };
		923F2C0B27A0FE7400443936 /* quad.obj in Resources */ = {isa = PBXBuildFile; fileRef = 923F2C0927A0FE7400443936 /* quad.obj */; };
		923F2C0E27A10CFA00443936 /* Touches.swift in Sources */ = {isa = PBXBuildFile; fileRef = 923F2C0D27A10CFA00443936 /* Touches.swift */; };
		92489A0B2799D9BD00639B52 /* AppDelegate.swift in Sources */ = {isa = PBXBuildFile; fileRef = 92489A0A2799D9BD00639B52 /* AppDelegate.swift */; };
		92489A0D2799D9BD00639B52 /* SceneDelegate.swift in Sources */ = {isa = PBXBuildFile; fileRef = 92489A0C2799D9BD00639B52 /* SceneDelegate.swift */; };
		92489A122799D9BD00639B52 /* Main.storyboard in Resources */ = {isa = PBXBuildFile; fileRef = 92489A102799D9BD00639B52 /* Main.storyboard */; };
		92489A142799D9BF00639B52 /* Assets.xcassets in Resources */ = {isa = PBXBuildFile; fileRef = 92489A132799D9BF00639B52 /* Assets.xcassets */; };
		92489B4E2799DA0400639B52 /* GameView.swift in Sources */ = {isa = PBXBuildFile; fileRef = 92489A302799DA0200639B52 /* GameView.swift */; };
		92489B962799DA0400639B52 /* b2Body.cpp in Sources */ = {isa = PBXBuildFile; fileRef = 92489A862799DA0300639B52 /* b2Body.cpp */; };
		92489B972799DA0400639B52 /* b2World.cpp in Sources */ = {isa = PBXBuildFile; fileRef = 92489A872799DA0300639B52 /* b2World.cpp */; };
		92489B982799DA0400639B52 /* b2Fixture.cpp in Sources */ = {isa = PBXBuildFile; fileRef = 92489A882799DA0300639B52 /* b2Fixture.cpp */; };
		92489B992799DA0400639B52 /* b2ChainAndPolygonContact.cpp in Sources */ = {isa = PBXBuildFile; fileRef = 92489A8F2799DA0300639B52 /* b2ChainAndPolygonContact.cpp */; };
		92489B9A2799DA0400639B52 /* b2EdgeAndPolygonContact.cpp in Sources */ = {isa = PBXBuildFile; fileRef = 92489A912799DA0300639B52 /* b2EdgeAndPolygonContact.cpp */; };
		92489B9B2799DA0400639B52 /* b2ChainAndCircleContact.cpp in Sources */ = {isa = PBXBuildFile; fileRef = 92489A922799DA0300639B52 /* b2ChainAndCircleContact.cpp */; };
		92489B9C2799DA0400639B52 /* b2PolygonAndCircleContact.cpp in Sources */ = {isa = PBXBuildFile; fileRef = 92489A932799DA0300639B52 /* b2PolygonAndCircleContact.cpp */; };
		92489B9D2799DA0400639B52 /* b2PolygonContact.cpp in Sources */ = {isa = PBXBuildFile; fileRef = 92489A952799DA0300639B52 /* b2PolygonContact.cpp */; };
		92489B9E2799DA0400639B52 /* b2ContactSolver.cpp in Sources */ = {isa = PBXBuildFile; fileRef = 92489A992799DA0300639B52 /* b2ContactSolver.cpp */; };
		92489B9F2799DA0400639B52 /* b2CircleContact.cpp in Sources */ = {isa = PBXBuildFile; fileRef = 92489A9A2799DA0300639B52 /* b2CircleContact.cpp */; };
		92489BA02799DA0400639B52 /* b2EdgeAndCircleContact.cpp in Sources */ = {isa = PBXBuildFile; fileRef = 92489A9B2799DA0300639B52 /* b2EdgeAndCircleContact.cpp */; };
		92489BA12799DA0400639B52 /* b2Contact.cpp in Sources */ = {isa = PBXBuildFile; fileRef = 92489A9C2799DA0300639B52 /* b2Contact.cpp */; };
		92489BA22799DA0400639B52 /* b2WorldCallbacks.cpp in Sources */ = {isa = PBXBuildFile; fileRef = 92489A9D2799DA0300639B52 /* b2WorldCallbacks.cpp */; };
		92489BA32799DA0400639B52 /* b2WeldJoint.cpp in Sources */ = {isa = PBXBuildFile; fileRef = 92489A9F2799DA0300639B52 /* b2WeldJoint.cpp */; };
		92489BA42799DA0400639B52 /* b2MouseJoint.cpp in Sources */ = {isa = PBXBuildFile; fileRef = 92489AA02799DA0300639B52 /* b2MouseJoint.cpp */; };
		92489BA52799DA0400639B52 /* b2FrictionJoint.cpp in Sources */ = {isa = PBXBuildFile; fileRef = 92489AA12799DA0300639B52 /* b2FrictionJoint.cpp */; };
		92489BA62799DA0400639B52 /* b2DistanceJoint.cpp in Sources */ = {isa = PBXBuildFile; fileRef = 92489AA92799DA0300639B52 /* b2DistanceJoint.cpp */; };
		92489BA72799DA0400639B52 /* b2WheelJoint.cpp in Sources */ = {isa = PBXBuildFile; fileRef = 92489AAA2799DA0300639B52 /* b2WheelJoint.cpp */; };
		92489BA82799DA0400639B52 /* b2MotorJoint.cpp in Sources */ = {isa = PBXBuildFile; fileRef = 92489AAB2799DA0300639B52 /* b2MotorJoint.cpp */; };
		92489BA92799DA0400639B52 /* b2RevoluteJoint.cpp in Sources */ = {isa = PBXBuildFile; fileRef = 92489AAE2799DA0300639B52 /* b2RevoluteJoint.cpp */; };
		92489BAA2799DA0400639B52 /* b2GearJoint.cpp in Sources */ = {isa = PBXBuildFile; fileRef = 92489AB02799DA0300639B52 /* b2GearJoint.cpp */; };
		92489BAB2799DA0400639B52 /* b2Joint.cpp in Sources */ = {isa = PBXBuildFile; fileRef = 92489AB12799DA0300639B52 /* b2Joint.cpp */; };
		92489BAC2799DA0400639B52 /* b2PrismaticJoint.cpp in Sources */ = {isa = PBXBuildFile; fileRef = 92489AB22799DA0300639B52 /* b2PrismaticJoint.cpp */; };
		92489BAD2799DA0400639B52 /* b2PulleyJoint.cpp in Sources */ = {isa = PBXBuildFile; fileRef = 92489AB32799DA0300639B52 /* b2PulleyJoint.cpp */; };
		92489BAE2799DA0400639B52 /* b2RopeJoint.cpp in Sources */ = {isa = PBXBuildFile; fileRef = 92489AB52799DA0300639B52 /* b2RopeJoint.cpp */; };
		92489BAF2799DA0400639B52 /* b2Island.cpp in Sources */ = {isa = PBXBuildFile; fileRef = 92489AB82799DA0300639B52 /* b2Island.cpp */; };
		92489BB02799DA0400639B52 /* b2ContactManager.cpp in Sources */ = {isa = PBXBuildFile; fileRef = 92489ABE2799DA0300639B52 /* b2ContactManager.cpp */; };
		92489BB22799DA0400639B52 /* b2Rope.cpp in Sources */ = {isa = PBXBuildFile; fileRef = 92489AC32799DA0300639B52 /* b2Rope.cpp */; };
		92489BB32799DA0400639B52 /* UseBox2D.cmake in Resources */ = {isa = PBXBuildFile; fileRef = 92489AC42799DA0300639B52 /* UseBox2D.cmake */; };
		92489BB42799DA0400639B52 /* b2Draw.cpp in Sources */ = {isa = PBXBuildFile; fileRef = 92489AC92799DA0300639B52 /* b2Draw.cpp */; };
		92489BB52799DA0400639B52 /* b2TrackedBlock.cpp in Sources */ = {isa = PBXBuildFile; fileRef = 92489ACB2799DA0300639B52 /* b2TrackedBlock.cpp */; };
		92489BB62799DA0400639B52 /* b2BlockAllocator.cpp in Sources */ = {isa = PBXBuildFile; fileRef = 92489ACC2799DA0300639B52 /* b2BlockAllocator.cpp */; };
		92489BB72799DA0400639B52 /* b2Settings.cpp in Sources */ = {isa = PBXBuildFile; fileRef = 92489ACE2799DA0300639B52 /* b2Settings.cpp */; };
		92489BB82799DA0400639B52 /* b2Timer.cpp in Sources */ = {isa = PBXBuildFile; fileRef = 92489AD12799DA0300639B52 /* b2Timer.cpp */; };
		92489BB92799DA0400639B52 /* b2Stat.cpp in Sources */ = {isa = PBXBuildFile; fileRef = 92489AD32799DA0300639B52 /* b2Stat.cpp */; };
		92489BBA2799DA0400639B52 /* b2FreeList.cpp in Sources */ = {isa = PBXBuildFile; fileRef = 92489AD42799DA0300639B52 /* b2FreeList.cpp */; };
		92489BBB2799DA0400639B52 /* b2StackAllocator.cpp in Sources */ = {isa = PBXBuildFile; fileRef = 92489AD62799DA0300639B52 /* b2StackAllocator.cpp */; };
		92489BBC2799DA0400639B52 /* b2Math.cpp in Sources */ = {isa = PBXBuildFile; fileRef = 92489AD72799DA0300639B52 /* b2Math.cpp */; };
		92489BBF2799DA0400639B52 /* b2ParticleGroup.cpp in Sources */ = {isa = PBXBuildFile; fileRef = 92489ADF2799DA0300639B52 /* b2ParticleGroup.cpp */; };
		92489BC02799DA0400639B52 /* b2VoronoiDiagram.cpp in Sources */ = {isa = PBXBuildFile; fileRef = 92489AE02799DA0300639B52 /* b2VoronoiDiagram.cpp */; };
		92489BC12799DA0400639B52 /* b2ParticleSystem.cpp in Sources */ = {isa = PBXBuildFile; fileRef = 92489AE22799DA0300639B52 /* b2ParticleSystem.cpp */; };
		92489BC32799DA0400639B52 /* b2Particle.cpp in Sources */ = {isa = PBXBuildFile; fileRef = 92489AE72799DA0300639B52 /* b2Particle.cpp */; };
		92489BC52799DA0400639B52 /* b2Distance.cpp in Sources */ = {isa = PBXBuildFile; fileRef = 92489AED2799DA0400639B52 /* b2Distance.cpp */; };
		92489BC62799DA0400639B52 /* b2CollideCircle.cpp in Sources */ = {isa = PBXBuildFile; fileRef = 92489AEE2799DA0400639B52 /* b2CollideCircle.cpp */; };
		92489BC72799DA0400639B52 /* b2CollidePolygon.cpp in Sources */ = {isa = PBXBuildFile; fileRef = 92489AEF2799DA0400639B52 /* b2CollidePolygon.cpp */; };
		92489BC82799DA0400639B52 /* b2DynamicTree.cpp in Sources */ = {isa = PBXBuildFile; fileRef = 92489AF02799DA0400639B52 /* b2DynamicTree.cpp */; };
		92489BC92799DA0400639B52 /* b2ChainShape.cpp in Sources */ = {isa = PBXBuildFile; fileRef = 92489AF32799DA0400639B52 /* b2ChainShape.cpp */; };
		92489BCA2799DA0400639B52 /* b2EdgeShape.cpp in Sources */ = {isa = PBXBuildFile; fileRef = 92489AF72799DA0400639B52 /* b2EdgeShape.cpp */; };
		92489BCB2799DA0400639B52 /* b2CircleShape.cpp in Sources */ = {isa = PBXBuildFile; fileRef = 92489AF82799DA0400639B52 /* b2CircleShape.cpp */; };
		92489BCC2799DA0400639B52 /* b2PolygonShape.cpp in Sources */ = {isa = PBXBuildFile; fileRef = 92489AF92799DA0400639B52 /* b2PolygonShape.cpp */; };
		92489BCD2799DA0400639B52 /* b2TimeOfImpact.cpp in Sources */ = {isa = PBXBuildFile; fileRef = 92489AFD2799DA0400639B52 /* b2TimeOfImpact.cpp */; };
		92489BCE2799DA0400639B52 /* b2BroadPhase.cpp in Sources */ = {isa = PBXBuildFile; fileRef = 92489AFE2799DA0400639B52 /* b2BroadPhase.cpp */; };
		92489BCF2799DA0400639B52 /* b2CollideEdge.cpp in Sources */ = {isa = PBXBuildFile; fileRef = 92489B012799DA0400639B52 /* b2CollideEdge.cpp */; };
		92489BD02799DA0400639B52 /* b2Collision.cpp in Sources */ = {isa = PBXBuildFile; fileRef = 92489B022799DA0400639B52 /* b2Collision.cpp */; };
		92489C032799DD0500639B52 /* LaunchScreen.storyboard in Resources */ = {isa = PBXBuildFile; fileRef = 92489C022799DD0500639B52 /* LaunchScreen.storyboard */; };
/* End PBXBuildFile section */

/* Begin PBXFileReference section */
		923F2B4527A0FC5A00443936 /* Renderer.swift */ = {isa = PBXFileReference; lastKnownFileType = sourcecode.swift; path = Renderer.swift; sourceTree = "<group>"; };
		923F2B4827A0FCD900443936 /* BridgingHeader.h */ = {isa = PBXFileReference; fileEncoding = 4; lastKnownFileType = sourcecode.c.h; path = BridgingHeader.h; sourceTree = "<group>"; };
		923F2B4927A0FCD900443936 /* LiquidFun.mm */ = {isa = PBXFileReference; fileEncoding = 4; lastKnownFileType = sourcecode.cpp.objcpp; path = LiquidFun.mm; sourceTree = "<group>"; };
		923F2B4B27A0FCD900443936 /* JointTest.h */ = {isa = PBXFileReference; fileEncoding = 4; lastKnownFileType = sourcecode.c.h; path = JointTest.h; sourceTree = "<group>"; };
		923F2B4C27A0FCD900443936 /* JointTest.cpp */ = {isa = PBXFileReference; fileEncoding = 4; lastKnownFileType = sourcecode.cpp.cpp; path = JointTest.cpp; sourceTree = "<group>"; };
		923F2B4D27A0FCD900443936 /* Tube.cpp */ = {isa = PBXFileReference; fileEncoding = 4; lastKnownFileType = sourcecode.cpp.cpp; path = Tube.cpp; sourceTree = "<group>"; };
		923F2B4E27A0FCD900443936 /* Tube.h */ = {isa = PBXFileReference; fileEncoding = 4; lastKnownFileType = sourcecode.c.h; path = Tube.h; sourceTree = "<group>"; };
		923F2B4F27A0FCD900443936 /* LiquidFun.h */ = {isa = PBXFileReference; fileEncoding = 4; lastKnownFileType = sourcecode.c.h; path = LiquidFun.h; sourceTree = "<group>"; };
		923F2B5027A0FCD900443936 /* CustomContactListener.h */ = {isa = PBXFileReference; fileEncoding = 4; lastKnownFileType = sourcecode.c.h; path = CustomContactListener.h; sourceTree = "<group>"; };
		923F2B5527A0FCE200443936 /* Engine.swift */ = {isa = PBXFileReference; fileEncoding = 4; lastKnownFileType = sourcecode.swift; path = Engine.swift; sourceTree = "<group>"; };
		923F2B5A27A0FCE200443936 /* Preferences.swift */ = {isa = PBXFileReference; fileEncoding = 4; lastKnownFileType = sourcecode.swift; path = Preferences.swift; sourceTree = "<group>"; };
		923F2B5B27A0FCE200443936 /* GameTime.swift */ = {isa = PBXFileReference; fileEncoding = 4; lastKnownFileType = sourcecode.swift; path = GameTime.swift; sourceTree = "<group>"; };
		923F2B5C27A0FCE200443936 /* GameSettings.swift */ = {isa = PBXFileReference; fileEncoding = 4; lastKnownFileType = sourcecode.swift; path = GameSettings.swift; sourceTree = "<group>"; };
		923F2B8827A0FD6C00443936 /* testtube.obj */ = {isa = PBXFileReference; fileEncoding = 4; lastKnownFileType = text; path = testtube.obj; sourceTree = "<group>"; };
		923F2B8927A0FD6C00443936 /* Jug.png */ = {isa = PBXFileReference; lastKnownFileType = image.png; path = Jug.png; sourceTree = "<group>"; };
		923F2B8A27A0FD6C00443936 /* snakedead.png */ = {isa = PBXFileReference; lastKnownFileType = image.png; path = snakedead.png; sourceTree = "<group>"; };
		923F2B8F27A0FD6C00443936 /* testflat.mtl */ = {isa = PBXFileReference; fileEncoding = 4; lastKnownFileType = text; path = testflat.mtl; sourceTree = "<group>"; };
		923F2B9027A0FD6C00443936 /* testflat.obj */ = {isa = PBXFileReference; fileEncoding = 4; lastKnownFileType = text; path = testflat.obj; sourceTree = "<group>"; };
		923F2B9127A0FD6C00443936 /* testflat.png */ = {isa = PBXFileReference; lastKnownFileType = image.png; path = testflat.png; sourceTree = "<group>"; };
		923F2B9227A0FD6C00443936 /* apple.png */ = {isa = PBXFileReference; lastKnownFileType = image.png; path = apple.png; sourceTree = "<group>"; };
		923F2B9427A0FD6C00443936 /* cloud2.obj */ = {isa = PBXFileReference; fileEncoding = 4; lastKnownFileType = text; path = cloud2.obj; sourceTree = "<group>"; };
		923F2B9527A0FD6C00443936 /* cloud3.obj */ = {isa = PBXFileReference; fileEncoding = 4; lastKnownFileType = text; path = cloud3.obj; sourceTree = "<group>"; };
		923F2B9627A0FD6C00443936 /* cloud1.obj */ = {isa = PBXFileReference; fileEncoding = 4; lastKnownFileType = text; path = cloud1.obj; sourceTree = "<group>"; };
		923F2B9727A0FD6C00443936 /* cloud0.obj */ = {isa = PBXFileReference; fileEncoding = 4; lastKnownFileType = text; path = cloud0.obj; sourceTree = "<group>"; };
		923F2B9827A0FD6C00443936 /* cloud3.png */ = {isa = PBXFileReference; lastKnownFileType = image.png; path = cloud3.png; sourceTree = "<group>"; };
		923F2B9927A0FD6C00443936 /* cloud2.png */ = {isa = PBXFileReference; lastKnownFileType = image.png; path = cloud2.png; sourceTree = "<group>"; };
		923F2B9A27A0FD6C00443936 /* Cloud0.png */ = {isa = PBXFileReference; lastKnownFileType = image.png; path = Cloud0.png; sourceTree = "<group>"; };
		923F2B9B27A0FD6C00443936 /* cloud1.png */ = {isa = PBXFileReference; lastKnownFileType = image.png; path = cloud1.png; sourceTree = "<group>"; };
		923F2B9C27A0FD6C00443936 /* cloud1.mtl */ = {isa = PBXFileReference; fileEncoding = 4; lastKnownFileType = text; path = cloud1.mtl; sourceTree = "<group>"; };
		923F2B9D27A0FD6C00443936 /* cloud0.mtl */ = {isa = PBXFileReference; fileEncoding = 4; lastKnownFileType = text; path = cloud0.mtl; sourceTree = "<group>"; };
		923F2B9E27A0FD6C00443936 /* cloud2.mtl */ = {isa = PBXFileReference; fileEncoding = 4; lastKnownFileType = text; path = cloud2.mtl; sourceTree = "<group>"; };
		923F2B9F27A0FD6C00443936 /* cloud3.mtl */ = {isa = PBXFileReference; fileEncoding = 4; lastKnownFileType = text; path = cloud3.mtl; sourceTree = "<group>"; };
		923F2BA027A0FD6C00443936 /* 3DJug.obj */ = {isa = PBXFileReference; fileEncoding = 4; lastKnownFileType = text; path = 3DJug.obj; sourceTree = "<group>"; };
		923F2BA227A0FD6C00443936 /* cruiser.obj */ = {isa = PBXFileReference; fileEncoding = 4; lastKnownFileType = text; path = cruiser.obj; sourceTree = "<group>"; };
		923F2BA327A0FD6C00443936 /* cruiser.bmp */ = {isa = PBXFileReference; lastKnownFileType = image.bmp; path = cruiser.bmp; sourceTree = "<group>"; };
		923F2BA427A0FD6C00443936 /* cruiser.mtl */ = {isa = PBXFileReference; fileEncoding = 4; lastKnownFileType = text; path = cruiser.mtl; sourceTree = "<group>"; };
		923F2BA527A0FD6C00443936 /* Half3DJug.obj */ = {isa = PBXFileReference; fileEncoding = 4; lastKnownFileType = text; path = Half3DJug.obj; sourceTree = "<group>"; };
		923F2BA627A0FD6C00443936 /* snake.png */ = {isa = PBXFileReference; lastKnownFileType = image.png; path = snake.png; sourceTree = "<group>"; };
		923F2BC327A0FD7300443936 /* MetalTypes.swift */ = {isa = PBXFileReference; fileEncoding = 4; lastKnownFileType = sourcecode.swift; path = MetalTypes.swift; sourceTree = "<group>"; };
		923F2BC527A0FD7300443936 /* CustomMesh.swift */ = {isa = PBXFileReference; fileEncoding = 4; lastKnownFileType = sourcecode.swift; path = CustomMesh.swift; sourceTree = "<group>"; };
		923F2BC627A0FD7300443936 /* TextureLibrary.swift */ = {isa = PBXFileReference; fileEncoding = 4; lastKnownFileType = sourcecode.swift; path = TextureLibrary.swift; sourceTree = "<group>"; };
		923F2BC727A0FD7300443936 /* DepthStencilStates.swift */ = {isa = PBXFileReference; fileEncoding = 4; lastKnownFileType = sourcecode.swift; path = DepthStencilStates.swift; sourceTree = "<group>"; };
		923F2BC827A0FD7300443936 /* MeshLibrary.swift */ = {isa = PBXFileReference; fileEncoding = 4; lastKnownFileType = sourcecode.swift; path = MeshLibrary.swift; sourceTree = "<group>"; };
		923F2BC927A0FD7300443936 /* Samplers.swift */ = {isa = PBXFileReference; fileEncoding = 4; lastKnownFileType = sourcecode.swift; path = Samplers.swift; sourceTree = "<group>"; };
		923F2BCA27A0FD7300443936 /* RenderPipelineStates.swift */ = {isa = PBXFileReference; fileEncoding = 4; lastKnownFileType = sourcecode.swift; path = RenderPipelineStates.swift; sourceTree = "<group>"; };
		923F2BCB27A0FD7300443936 /* BasicShaders.metal */ = {isa = PBXFileReference; fileEncoding = 4; lastKnownFileType = sourcecode.metal; path = BasicShaders.metal; sourceTree = "<group>"; };
		923F2BCC27A0FD7300443936 /* MetalTypes.metal */ = {isa = PBXFileReference; fileEncoding = 4; lastKnownFileType = sourcecode.metal; path = MetalTypes.metal; sourceTree = "<group>"; };
		923F2BCD27A0FD7300443936 /* FinalShaders.metal */ = {isa = PBXFileReference; fileEncoding = 4; lastKnownFileType = sourcecode.metal; path = FinalShaders.metal; sourceTree = "<group>"; };
		923F2BCE27A0FD7300443936 /* FluidShaders.metal */ = {isa = PBXFileReference; fileEncoding = 4; lastKnownFileType = sourcecode.metal; path = FluidShaders.metal; sourceTree = "<group>"; };
		923F2BCF27A0FD7300443936 /* InstancedShaders.metal */ = {isa = PBXFileReference; fileEncoding = 4; lastKnownFileType = sourcecode.metal; path = InstancedShaders.metal; sourceTree = "<group>"; };
		923F2BDE27A0FD8C00443936 /* Scene.swift */ = {isa = PBXFileReference; fileEncoding = 4; lastKnownFileType = sourcecode.swift; path = Scene.swift; sourceTree = "<group>"; };
		923F2BDF27A0FD8C00443936 /* TestTubeScene.swift */ = {isa = PBXFileReference; fileEncoding = 4; lastKnownFileType = sourcecode.swift; path = TestTubeScene.swift; sourceTree = "<group>"; };
		923F2BE027A0FD8C00443936 /* Node.swift */ = {isa = PBXFileReference; fileEncoding = 4; lastKnownFileType = sourcecode.swift; path = Node.swift; sourceTree = "<group>"; };
		923F2BE227A0FD8C00443936 /* Levels.swift */ = {isa = PBXFileReference; fileEncoding = 4; lastKnownFileType = sourcecode.swift; path = Levels.swift; sourceTree = "<group>"; };
		923F2BE327A0FD8C00443936 /* GameStateEnums.swift */ = {isa = PBXFileReference; fileEncoding = 4; lastKnownFileType = sourcecode.swift; path = GameStateEnums.swift; sourceTree = "<group>"; };
		923F2BE527A0FD8C00443936 /* DebugEnvironment.swift */ = {isa = PBXFileReference; fileEncoding = 4; lastKnownFileType = sourcecode.swift; path = DebugEnvironment.swift; sourceTree = "<group>"; };
		923F2BE727A0FD8C00443936 /* Camera.swift */ = {isa = PBXFileReference; fileEncoding = 4; lastKnownFileType = sourcecode.swift; path = Camera.swift; sourceTree = "<group>"; };
		923F2BE827A0FD8C00443936 /* TestTube.swift */ = {isa = PBXFileReference; fileEncoding = 4; lastKnownFileType = sourcecode.swift; path = TestTube.swift; sourceTree = "<group>"; };
		923F2BE927A0FD8C00443936 /* TubeRep.swift */ = {isa = PBXFileReference; fileEncoding = 4; lastKnownFileType = sourcecode.swift; path = TubeRep.swift; sourceTree = "<group>"; };
		923F2BEB27A0FD8C00443936 /* SkyBackground.swift */ = {isa = PBXFileReference; fileEncoding = 4; lastKnownFileType = sourcecode.swift; path = SkyBackground.swift; sourceTree = "<group>"; };
		923F2BEC27A0FD8C00443936 /* CloudsBackground.swift */ = {isa = PBXFileReference; fileEncoding = 4; lastKnownFileType = sourcecode.swift; path = CloudsBackground.swift; sourceTree = "<group>"; };
		923F2BED27A0FD8C00443936 /* GameObject.swift */ = {isa = PBXFileReference; fileEncoding = 4; lastKnownFileType = sourcecode.swift; path = GameObject.swift; sourceTree = "<group>"; };
		923F2BEE27A0FD8C00443936 /* InstancedObject.swift */ = {isa = PBXFileReference; fileEncoding = 4; lastKnownFileType = sourcecode.swift; path = InstancedObject.swift; sourceTree = "<group>"; };
		923F2BF027A0FD8C00443936 /* Renderable.swift */ = {isa = PBXFileReference; fileEncoding = 4; lastKnownFileType = sourcecode.swift; path = Renderable.swift; sourceTree = "<group>"; };
		923F2C0027A0FDB500443936 /* Math.swift */ = {isa = PBXFileReference; fileEncoding = 4; lastKnownFileType = sourcecode.swift; path = Math.swift; sourceTree = "<group>"; };
		923F2C0127A0FDB500443936 /* TextureLoader.swift */ = {isa = PBXFileReference; fileEncoding = 4; lastKnownFileType = sourcecode.swift; path = TextureLoader.swift; sourceTree = "<group>"; };
		923F2C0227A0FDB500443936 /* OBJLoader.swift */ = {isa = PBXFileReference; fileEncoding = 4; lastKnownFileType = sourcecode.swift; path = OBJLoader.swift; sourceTree = "<group>"; };
		923F2C0327A0FDB500443936 /* ColorUtil.swift */ = {isa = PBXFileReference; fileEncoding = 4; lastKnownFileType = sourcecode.swift; path = ColorUtil.swift; sourceTree = "<group>"; };
		923F2C0827A0FE7400443936 /* quad.mtl */ = {isa = PBXFileReference; fileEncoding = 4; lastKnownFileType = text; path = quad.mtl; sourceTree = "<group>"; };
		923F2C0927A0FE7400443936 /* quad.obj */ = {isa = PBXFileReference; fileEncoding = 4; lastKnownFileType = text; path = quad.obj; sourceTree = "<group>"; };
		923F2C0D27A10CFA00443936 /* Touches.swift */ = {isa = PBXFileReference; lastKnownFileType = sourcecode.swift; path = Touches.swift; sourceTree = "<group>"; };
		92489A072799D9BD00639B52 /* FluidEngineIOS.app */ = {isa = PBXFileReference; explicitFileType = wrapper.application; includeInIndex = 0; path = FluidEngineIOS.app; sourceTree = BUILT_PRODUCTS_DIR; };
		92489A0A2799D9BD00639B52 /* AppDelegate.swift */ = {isa = PBXFileReference; lastKnownFileType = sourcecode.swift; path = AppDelegate.swift; sourceTree = "<group>"; };
		92489A0C2799D9BD00639B52 /* SceneDelegate.swift */ = {isa = PBXFileReference; lastKnownFileType = sourcecode.swift; path = SceneDelegate.swift; sourceTree = "<group>"; };
		92489A112799D9BD00639B52 /* Base */ = {isa = PBXFileReference; lastKnownFileType = file.storyboard; name = Base; path = Base.lproj/Main.storyboard; sourceTree = "<group>"; };
		92489A132799D9BF00639B52 /* Assets.xcassets */ = {isa = PBXFileReference; lastKnownFileType = folder.assetcatalog; path = Assets.xcassets; sourceTree = "<group>"; };
		92489A182799D9BF00639B52 /* Info.plist */ = {isa = PBXFileReference; lastKnownFileType = text.plist.xml; path = Info.plist; sourceTree = "<group>"; };
		92489A302799DA0200639B52 /* GameView.swift */ = {isa = PBXFileReference; fileEncoding = 4; lastKnownFileType = sourcecode.swift; path = GameView.swift; sourceTree = "<group>"; };
		92489A862799DA0300639B52 /* b2Body.cpp */ = {isa = PBXFileReference; fileEncoding = 4; lastKnownFileType = sourcecode.cpp.cpp; path = b2Body.cpp; sourceTree = "<group>"; };
		92489A872799DA0300639B52 /* b2World.cpp */ = {isa = PBXFileReference; fileEncoding = 4; lastKnownFileType = sourcecode.cpp.cpp; path = b2World.cpp; sourceTree = "<group>"; };
		92489A882799DA0300639B52 /* b2Fixture.cpp */ = {isa = PBXFileReference; fileEncoding = 4; lastKnownFileType = sourcecode.cpp.cpp; path = b2Fixture.cpp; sourceTree = "<group>"; };
		92489A892799DA0300639B52 /* b2World.h */ = {isa = PBXFileReference; fileEncoding = 4; lastKnownFileType = sourcecode.c.h; path = b2World.h; sourceTree = "<group>"; };
		92489A8B2799DA0300639B52 /* b2ContactSolver.h */ = {isa = PBXFileReference; fileEncoding = 4; lastKnownFileType = sourcecode.c.h; path = b2ContactSolver.h; sourceTree = "<group>"; };
		92489A8C2799DA0300639B52 /* b2ChainAndCircleContact.h */ = {isa = PBXFileReference; fileEncoding = 4; lastKnownFileType = sourcecode.c.h; path = b2ChainAndCircleContact.h; sourceTree = "<group>"; };
		92489A8D2799DA0300639B52 /* b2PolygonAndCircleContact.h */ = {isa = PBXFileReference; fileEncoding = 4; lastKnownFileType = sourcecode.c.h; path = b2PolygonAndCircleContact.h; sourceTree = "<group>"; };
		92489A8E2799DA0300639B52 /* b2EdgeAndCircleContact.h */ = {isa = PBXFileReference; fileEncoding = 4; lastKnownFileType = sourcecode.c.h; path = b2EdgeAndCircleContact.h; sourceTree = "<group>"; };
		92489A8F2799DA0300639B52 /* b2ChainAndPolygonContact.cpp */ = {isa = PBXFileReference; fileEncoding = 4; lastKnownFileType = sourcecode.cpp.cpp; path = b2ChainAndPolygonContact.cpp; sourceTree = "<group>"; };
		92489A902799DA0300639B52 /* b2EdgeAndPolygonContact.h */ = {isa = PBXFileReference; fileEncoding = 4; lastKnownFileType = sourcecode.c.h; path = b2EdgeAndPolygonContact.h; sourceTree = "<group>"; };
		92489A912799DA0300639B52 /* b2EdgeAndPolygonContact.cpp */ = {isa = PBXFileReference; fileEncoding = 4; lastKnownFileType = sourcecode.cpp.cpp; path = b2EdgeAndPolygonContact.cpp; sourceTree = "<group>"; };
		92489A922799DA0300639B52 /* b2ChainAndCircleContact.cpp */ = {isa = PBXFileReference; fileEncoding = 4; lastKnownFileType = sourcecode.cpp.cpp; path = b2ChainAndCircleContact.cpp; sourceTree = "<group>"; };
		92489A932799DA0300639B52 /* b2PolygonAndCircleContact.cpp */ = {isa = PBXFileReference; fileEncoding = 4; lastKnownFileType = sourcecode.cpp.cpp; path = b2PolygonAndCircleContact.cpp; sourceTree = "<group>"; };
		92489A942799DA0300639B52 /* b2Contact.h */ = {isa = PBXFileReference; fileEncoding = 4; lastKnownFileType = sourcecode.c.h; path = b2Contact.h; sourceTree = "<group>"; };
		92489A952799DA0300639B52 /* b2PolygonContact.cpp */ = {isa = PBXFileReference; fileEncoding = 4; lastKnownFileType = sourcecode.cpp.cpp; path = b2PolygonContact.cpp; sourceTree = "<group>"; };
		92489A962799DA0300639B52 /* b2CircleContact.h */ = {isa = PBXFileReference; fileEncoding = 4; lastKnownFileType = sourcecode.c.h; path = b2CircleContact.h; sourceTree = "<group>"; };
		92489A972799DA0300639B52 /* b2ChainAndPolygonContact.h */ = {isa = PBXFileReference; fileEncoding = 4; lastKnownFileType = sourcecode.c.h; path = b2ChainAndPolygonContact.h; sourceTree = "<group>"; };
		92489A982799DA0300639B52 /* b2PolygonContact.h */ = {isa = PBXFileReference; fileEncoding = 4; lastKnownFileType = sourcecode.c.h; path = b2PolygonContact.h; sourceTree = "<group>"; };
		92489A992799DA0300639B52 /* b2ContactSolver.cpp */ = {isa = PBXFileReference; fileEncoding = 4; lastKnownFileType = sourcecode.cpp.cpp; path = b2ContactSolver.cpp; sourceTree = "<group>"; };
		92489A9A2799DA0300639B52 /* b2CircleContact.cpp */ = {isa = PBXFileReference; fileEncoding = 4; lastKnownFileType = sourcecode.cpp.cpp; path = b2CircleContact.cpp; sourceTree = "<group>"; };
		92489A9B2799DA0300639B52 /* b2EdgeAndCircleContact.cpp */ = {isa = PBXFileReference; fileEncoding = 4; lastKnownFileType = sourcecode.cpp.cpp; path = b2EdgeAndCircleContact.cpp; sourceTree = "<group>"; };
		92489A9C2799DA0300639B52 /* b2Contact.cpp */ = {isa = PBXFileReference; fileEncoding = 4; lastKnownFileType = sourcecode.cpp.cpp; path = b2Contact.cpp; sourceTree = "<group>"; };
		92489A9D2799DA0300639B52 /* b2WorldCallbacks.cpp */ = {isa = PBXFileReference; fileEncoding = 4; lastKnownFileType = sourcecode.cpp.cpp; path = b2WorldCallbacks.cpp; sourceTree = "<group>"; };
		92489A9F2799DA0300639B52 /* b2WeldJoint.cpp */ = {isa = PBXFileReference; fileEncoding = 4; lastKnownFileType = sourcecode.cpp.cpp; path = b2WeldJoint.cpp; sourceTree = "<group>"; };
		92489AA02799DA0300639B52 /* b2MouseJoint.cpp */ = {isa = PBXFileReference; fileEncoding = 4; lastKnownFileType = sourcecode.cpp.cpp; path = b2MouseJoint.cpp; sourceTree = "<group>"; };
		92489AA12799DA0300639B52 /* b2FrictionJoint.cpp */ = {isa = PBXFileReference; fileEncoding = 4; lastKnownFileType = sourcecode.cpp.cpp; path = b2FrictionJoint.cpp; sourceTree = "<group>"; };
		92489AA22799DA0300639B52 /* b2PrismaticJoint.h */ = {isa = PBXFileReference; fileEncoding = 4; lastKnownFileType = sourcecode.c.h; path = b2PrismaticJoint.h; sourceTree = "<group>"; };
		92489AA32799DA0300639B52 /* b2PulleyJoint.h */ = {isa = PBXFileReference; fileEncoding = 4; lastKnownFileType = sourcecode.c.h; path = b2PulleyJoint.h; sourceTree = "<group>"; };
		92489AA42799DA0300639B52 /* b2RopeJoint.h */ = {isa = PBXFileReference; fileEncoding = 4; lastKnownFileType = sourcecode.c.h; path = b2RopeJoint.h; sourceTree = "<group>"; };
		92489AA52799DA0300639B52 /* b2WeldJoint.h */ = {isa = PBXFileReference; fileEncoding = 4; lastKnownFileType = sourcecode.c.h; path = b2WeldJoint.h; sourceTree = "<group>"; };
		92489AA62799DA0300639B52 /* b2GearJoint.h */ = {isa = PBXFileReference; fileEncoding = 4; lastKnownFileType = sourcecode.c.h; path = b2GearJoint.h; sourceTree = "<group>"; };
		92489AA72799DA0300639B52 /* b2DistanceJoint.h */ = {isa = PBXFileReference; fileEncoding = 4; lastKnownFileType = sourcecode.c.h; path = b2DistanceJoint.h; sourceTree = "<group>"; };
		92489AA82799DA0300639B52 /* b2MouseJoint.h */ = {isa = PBXFileReference; fileEncoding = 4; lastKnownFileType = sourcecode.c.h; path = b2MouseJoint.h; sourceTree = "<group>"; };
		92489AA92799DA0300639B52 /* b2DistanceJoint.cpp */ = {isa = PBXFileReference; fileEncoding = 4; lastKnownFileType = sourcecode.cpp.cpp; path = b2DistanceJoint.cpp; sourceTree = "<group>"; };
		92489AAA2799DA0300639B52 /* b2WheelJoint.cpp */ = {isa = PBXFileReference; fileEncoding = 4; lastKnownFileType = sourcecode.cpp.cpp; path = b2WheelJoint.cpp; sourceTree = "<group>"; };
		92489AAB2799DA0300639B52 /* b2MotorJoint.cpp */ = {isa = PBXFileReference; fileEncoding = 4; lastKnownFileType = sourcecode.cpp.cpp; path = b2MotorJoint.cpp; sourceTree = "<group>"; };
		92489AAC2799DA0300639B52 /* b2Joint.h */ = {isa = PBXFileReference; fileEncoding = 4; lastKnownFileType = sourcecode.c.h; path = b2Joint.h; sourceTree = "<group>"; };
		92489AAD2799DA0300639B52 /* b2RevoluteJoint.h */ = {isa = PBXFileReference; fileEncoding = 4; lastKnownFileType = sourcecode.c.h; path = b2RevoluteJoint.h; sourceTree = "<group>"; };
		92489AAE2799DA0300639B52 /* b2RevoluteJoint.cpp */ = {isa = PBXFileReference; fileEncoding = 4; lastKnownFileType = sourcecode.cpp.cpp; path = b2RevoluteJoint.cpp; sourceTree = "<group>"; };
		92489AAF2799DA0300639B52 /* b2FrictionJoint.h */ = {isa = PBXFileReference; fileEncoding = 4; lastKnownFileType = sourcecode.c.h; path = b2FrictionJoint.h; sourceTree = "<group>"; };
		92489AB02799DA0300639B52 /* b2GearJoint.cpp */ = {isa = PBXFileReference; fileEncoding = 4; lastKnownFileType = sourcecode.cpp.cpp; path = b2GearJoint.cpp; sourceTree = "<group>"; };
		92489AB12799DA0300639B52 /* b2Joint.cpp */ = {isa = PBXFileReference; fileEncoding = 4; lastKnownFileType = sourcecode.cpp.cpp; path = b2Joint.cpp; sourceTree = "<group>"; };
		92489AB22799DA0300639B52 /* b2PrismaticJoint.cpp */ = {isa = PBXFileReference; fileEncoding = 4; lastKnownFileType = sourcecode.cpp.cpp; path = b2PrismaticJoint.cpp; sourceTree = "<group>"; };
		92489AB32799DA0300639B52 /* b2PulleyJoint.cpp */ = {isa = PBXFileReference; fileEncoding = 4; lastKnownFileType = sourcecode.cpp.cpp; path = b2PulleyJoint.cpp; sourceTree = "<group>"; };
		92489AB42799DA0300639B52 /* b2WheelJoint.h */ = {isa = PBXFileReference; fileEncoding = 4; lastKnownFileType = sourcecode.c.h; path = b2WheelJoint.h; sourceTree = "<group>"; };
		92489AB52799DA0300639B52 /* b2RopeJoint.cpp */ = {isa = PBXFileReference; fileEncoding = 4; lastKnownFileType = sourcecode.cpp.cpp; path = b2RopeJoint.cpp; sourceTree = "<group>"; };
		92489AB62799DA0300639B52 /* b2MotorJoint.h */ = {isa = PBXFileReference; fileEncoding = 4; lastKnownFileType = sourcecode.c.h; path = b2MotorJoint.h; sourceTree = "<group>"; };
		92489AB72799DA0300639B52 /* b2Body.h */ = {isa = PBXFileReference; fileEncoding = 4; lastKnownFileType = sourcecode.c.h; path = b2Body.h; sourceTree = "<group>"; };
		92489AB82799DA0300639B52 /* b2Island.cpp */ = {isa = PBXFileReference; fileEncoding = 4; lastKnownFileType = sourcecode.cpp.cpp; path = b2Island.cpp; sourceTree = "<group>"; };
		92489AB92799DA0300639B52 /* b2Fixture.h */ = {isa = PBXFileReference; fileEncoding = 4; lastKnownFileType = sourcecode.c.h; path = b2Fixture.h; sourceTree = "<group>"; };
		92489ABA2799DA0300639B52 /* b2TimeStep.h */ = {isa = PBXFileReference; fileEncoding = 4; lastKnownFileType = sourcecode.c.h; path = b2TimeStep.h; sourceTree = "<group>"; };
		92489ABB2799DA0300639B52 /* b2WorldCallbacks.h */ = {isa = PBXFileReference; fileEncoding = 4; lastKnownFileType = sourcecode.c.h; path = b2WorldCallbacks.h; sourceTree = "<group>"; };
		92489ABC2799DA0300639B52 /* b2ContactManager.h */ = {isa = PBXFileReference; fileEncoding = 4; lastKnownFileType = sourcecode.c.h; path = b2ContactManager.h; sourceTree = "<group>"; };
		92489ABD2799DA0300639B52 /* b2Island.h */ = {isa = PBXFileReference; fileEncoding = 4; lastKnownFileType = sourcecode.c.h; path = b2Island.h; sourceTree = "<group>"; };
		92489ABE2799DA0300639B52 /* b2ContactManager.cpp */ = {isa = PBXFileReference; fileEncoding = 4; lastKnownFileType = sourcecode.cpp.cpp; path = b2ContactManager.cpp; sourceTree = "<group>"; };
		92489AC02799DA0300639B52 /* Box2D.h */ = {isa = PBXFileReference; fileEncoding = 4; lastKnownFileType = sourcecode.c.h; path = Box2D.h; sourceTree = "<group>"; };
		92489AC22799DA0300639B52 /* b2Rope.h */ = {isa = PBXFileReference; fileEncoding = 4; lastKnownFileType = sourcecode.c.h; path = b2Rope.h; sourceTree = "<group>"; };
		92489AC32799DA0300639B52 /* b2Rope.cpp */ = {isa = PBXFileReference; fileEncoding = 4; lastKnownFileType = sourcecode.cpp.cpp; path = b2Rope.cpp; sourceTree = "<group>"; };
		92489AC42799DA0300639B52 /* UseBox2D.cmake */ = {isa = PBXFileReference; fileEncoding = 4; lastKnownFileType = text; path = UseBox2D.cmake; sourceTree = "<group>"; };
		92489AC62799DA0300639B52 /* b2IntrusiveList.h */ = {isa = PBXFileReference; fileEncoding = 4; lastKnownFileType = sourcecode.c.h; path = b2IntrusiveList.h; sourceTree = "<group>"; };
		92489AC72799DA0300639B52 /* b2TrackedBlock.h */ = {isa = PBXFileReference; fileEncoding = 4; lastKnownFileType = sourcecode.c.h; path = b2TrackedBlock.h; sourceTree = "<group>"; };
		92489AC82799DA0300639B52 /* b2StackAllocator.h */ = {isa = PBXFileReference; fileEncoding = 4; lastKnownFileType = sourcecode.c.h; path = b2StackAllocator.h; sourceTree = "<group>"; };
		92489AC92799DA0300639B52 /* b2Draw.cpp */ = {isa = PBXFileReference; fileEncoding = 4; lastKnownFileType = sourcecode.cpp.cpp; path = b2Draw.cpp; sourceTree = "<group>"; };
		92489ACA2799DA0300639B52 /* b2GrowableStack.h */ = {isa = PBXFileReference; fileEncoding = 4; lastKnownFileType = sourcecode.c.h; path = b2GrowableStack.h; sourceTree = "<group>"; };
		92489ACB2799DA0300639B52 /* b2TrackedBlock.cpp */ = {isa = PBXFileReference; fileEncoding = 4; lastKnownFileType = sourcecode.cpp.cpp; path = b2TrackedBlock.cpp; sourceTree = "<group>"; };
		92489ACC2799DA0300639B52 /* b2BlockAllocator.cpp */ = {isa = PBXFileReference; fileEncoding = 4; lastKnownFileType = sourcecode.cpp.cpp; path = b2BlockAllocator.cpp; sourceTree = "<group>"; };
		92489ACD2799DA0300639B52 /* b2BlockAllocator.h */ = {isa = PBXFileReference; fileEncoding = 4; lastKnownFileType = sourcecode.c.h; path = b2BlockAllocator.h; sourceTree = "<group>"; };
		92489ACE2799DA0300639B52 /* b2Settings.cpp */ = {isa = PBXFileReference; fileEncoding = 4; lastKnownFileType = sourcecode.cpp.cpp; path = b2Settings.cpp; sourceTree = "<group>"; };
		92489ACF2799DA0300639B52 /* b2Timer.h */ = {isa = PBXFileReference; fileEncoding = 4; lastKnownFileType = sourcecode.c.h; path = b2Timer.h; sourceTree = "<group>"; };
		92489AD02799DA0300639B52 /* b2Stat.h */ = {isa = PBXFileReference; fileEncoding = 4; lastKnownFileType = sourcecode.c.h; path = b2Stat.h; sourceTree = "<group>"; };
		92489AD12799DA0300639B52 /* b2Timer.cpp */ = {isa = PBXFileReference; fileEncoding = 4; lastKnownFileType = sourcecode.cpp.cpp; path = b2Timer.cpp; sourceTree = "<group>"; };
		92489AD22799DA0300639B52 /* b2Math.h */ = {isa = PBXFileReference; fileEncoding = 4; lastKnownFileType = sourcecode.c.h; path = b2Math.h; sourceTree = "<group>"; };
		92489AD32799DA0300639B52 /* b2Stat.cpp */ = {isa = PBXFileReference; fileEncoding = 4; lastKnownFileType = sourcecode.cpp.cpp; path = b2Stat.cpp; sourceTree = "<group>"; };
		92489AD42799DA0300639B52 /* b2FreeList.cpp */ = {isa = PBXFileReference; fileEncoding = 4; lastKnownFileType = sourcecode.cpp.cpp; path = b2FreeList.cpp; sourceTree = "<group>"; };
		92489AD52799DA0300639B52 /* b2SlabAllocator.h */ = {isa = PBXFileReference; fileEncoding = 4; lastKnownFileType = sourcecode.c.h; path = b2SlabAllocator.h; sourceTree = "<group>"; };
		92489AD62799DA0300639B52 /* b2StackAllocator.cpp */ = {isa = PBXFileReference; fileEncoding = 4; lastKnownFileType = sourcecode.cpp.cpp; path = b2StackAllocator.cpp; sourceTree = "<group>"; };
		92489AD72799DA0300639B52 /* b2Math.cpp */ = {isa = PBXFileReference; fileEncoding = 4; lastKnownFileType = sourcecode.cpp.cpp; path = b2Math.cpp; sourceTree = "<group>"; };
		92489AD82799DA0300639B52 /* b2Draw.h */ = {isa = PBXFileReference; fileEncoding = 4; lastKnownFileType = sourcecode.c.h; path = b2Draw.h; sourceTree = "<group>"; };
		92489AD92799DA0300639B52 /* b2Settings.h */ = {isa = PBXFileReference; fileEncoding = 4; lastKnownFileType = sourcecode.c.h; path = b2Settings.h; sourceTree = "<group>"; };
		92489ADA2799DA0300639B52 /* b2FreeList.h */ = {isa = PBXFileReference; fileEncoding = 4; lastKnownFileType = sourcecode.c.h; path = b2FreeList.h; sourceTree = "<group>"; };
		92489ADB2799DA0300639B52 /* b2GrowableBuffer.h */ = {isa = PBXFileReference; fileEncoding = 4; lastKnownFileType = sourcecode.c.h; path = b2GrowableBuffer.h; sourceTree = "<group>"; };
		92489ADF2799DA0300639B52 /* b2ParticleGroup.cpp */ = {isa = PBXFileReference; fileEncoding = 4; lastKnownFileType = sourcecode.cpp.cpp; path = b2ParticleGroup.cpp; sourceTree = "<group>"; };
		92489AE02799DA0300639B52 /* b2VoronoiDiagram.cpp */ = {isa = PBXFileReference; fileEncoding = 4; lastKnownFileType = sourcecode.cpp.cpp; path = b2VoronoiDiagram.cpp; sourceTree = "<group>"; };
		92489AE12799DA0300639B52 /* b2ParticleSystem.h */ = {isa = PBXFileReference; fileEncoding = 4; lastKnownFileType = sourcecode.c.h; path = b2ParticleSystem.h; sourceTree = "<group>"; };
		92489AE22799DA0300639B52 /* b2ParticleSystem.cpp */ = {isa = PBXFileReference; fileEncoding = 4; lastKnownFileType = sourcecode.cpp.cpp; path = b2ParticleSystem.cpp; sourceTree = "<group>"; };
		92489AE42799DA0300639B52 /* b2Particle.h */ = {isa = PBXFileReference; fileEncoding = 4; lastKnownFileType = sourcecode.c.h; path = b2Particle.h; sourceTree = "<group>"; };
		92489AE52799DA0300639B52 /* b2ParticleGroup.h */ = {isa = PBXFileReference; fileEncoding = 4; lastKnownFileType = sourcecode.c.h; path = b2ParticleGroup.h; sourceTree = "<group>"; };
		92489AE62799DA0300639B52 /* b2VoronoiDiagram.h */ = {isa = PBXFileReference; fileEncoding = 4; lastKnownFileType = sourcecode.c.h; path = b2VoronoiDiagram.h; sourceTree = "<group>"; };
		92489AE72799DA0300639B52 /* b2Particle.cpp */ = {isa = PBXFileReference; fileEncoding = 4; lastKnownFileType = sourcecode.cpp.cpp; path = b2Particle.cpp; sourceTree = "<group>"; };
		92489AEA2799DA0300639B52 /* b2StackQueue.h */ = {isa = PBXFileReference; fileEncoding = 4; lastKnownFileType = sourcecode.c.h; path = b2StackQueue.h; sourceTree = "<group>"; };
		92489AEC2799DA0400639B52 /* b2Collision.h */ = {isa = PBXFileReference; fileEncoding = 4; lastKnownFileType = sourcecode.c.h; path = b2Collision.h; sourceTree = "<group>"; };
		92489AED2799DA0400639B52 /* b2Distance.cpp */ = {isa = PBXFileReference; fileEncoding = 4; lastKnownFileType = sourcecode.cpp.cpp; path = b2Distance.cpp; sourceTree = "<group>"; };
		92489AEE2799DA0400639B52 /* b2CollideCircle.cpp */ = {isa = PBXFileReference; fileEncoding = 4; lastKnownFileType = sourcecode.cpp.cpp; path = b2CollideCircle.cpp; sourceTree = "<group>"; };
		92489AEF2799DA0400639B52 /* b2CollidePolygon.cpp */ = {isa = PBXFileReference; fileEncoding = 4; lastKnownFileType = sourcecode.cpp.cpp; path = b2CollidePolygon.cpp; sourceTree = "<group>"; };
		92489AF02799DA0400639B52 /* b2DynamicTree.cpp */ = {isa = PBXFileReference; fileEncoding = 4; lastKnownFileType = sourcecode.cpp.cpp; path = b2DynamicTree.cpp; sourceTree = "<group>"; };
		92489AF12799DA0400639B52 /* b2DynamicTree.h */ = {isa = PBXFileReference; fileEncoding = 4; lastKnownFileType = sourcecode.c.h; path = b2DynamicTree.h; sourceTree = "<group>"; };
		92489AF32799DA0400639B52 /* b2ChainShape.cpp */ = {isa = PBXFileReference; fileEncoding = 4; lastKnownFileType = sourcecode.cpp.cpp; path = b2ChainShape.cpp; sourceTree = "<group>"; };
		92489AF42799DA0400639B52 /* b2PolygonShape.h */ = {isa = PBXFileReference; fileEncoding = 4; lastKnownFileType = sourcecode.c.h; path = b2PolygonShape.h; sourceTree = "<group>"; };
		92489AF52799DA0400639B52 /* b2Shape.h */ = {isa = PBXFileReference; fileEncoding = 4; lastKnownFileType = sourcecode.c.h; path = b2Shape.h; sourceTree = "<group>"; };
		92489AF62799DA0400639B52 /* b2ChainShape.h */ = {isa = PBXFileReference; fileEncoding = 4; lastKnownFileType = sourcecode.c.h; path = b2ChainShape.h; sourceTree = "<group>"; };
		92489AF72799DA0400639B52 /* b2EdgeShape.cpp */ = {isa = PBXFileReference; fileEncoding = 4; lastKnownFileType = sourcecode.cpp.cpp; path = b2EdgeShape.cpp; sourceTree = "<group>"; };
		92489AF82799DA0400639B52 /* b2CircleShape.cpp */ = {isa = PBXFileReference; fileEncoding = 4; lastKnownFileType = sourcecode.cpp.cpp; path = b2CircleShape.cpp; sourceTree = "<group>"; };
		92489AF92799DA0400639B52 /* b2PolygonShape.cpp */ = {isa = PBXFileReference; fileEncoding = 4; lastKnownFileType = sourcecode.cpp.cpp; path = b2PolygonShape.cpp; sourceTree = "<group>"; };
		92489AFA2799DA0400639B52 /* b2EdgeShape.h */ = {isa = PBXFileReference; fileEncoding = 4; lastKnownFileType = sourcecode.c.h; path = b2EdgeShape.h; sourceTree = "<group>"; };
		92489AFB2799DA0400639B52 /* b2CircleShape.h */ = {isa = PBXFileReference; fileEncoding = 4; lastKnownFileType = sourcecode.c.h; path = b2CircleShape.h; sourceTree = "<group>"; };
		92489AFC2799DA0400639B52 /* b2TimeOfImpact.h */ = {isa = PBXFileReference; fileEncoding = 4; lastKnownFileType = sourcecode.c.h; path = b2TimeOfImpact.h; sourceTree = "<group>"; };
		92489AFD2799DA0400639B52 /* b2TimeOfImpact.cpp */ = {isa = PBXFileReference; fileEncoding = 4; lastKnownFileType = sourcecode.cpp.cpp; path = b2TimeOfImpact.cpp; sourceTree = "<group>"; };
		92489AFE2799DA0400639B52 /* b2BroadPhase.cpp */ = {isa = PBXFileReference; fileEncoding = 4; lastKnownFileType = sourcecode.cpp.cpp; path = b2BroadPhase.cpp; sourceTree = "<group>"; };
		92489AFF2799DA0400639B52 /* b2BroadPhase.h */ = {isa = PBXFileReference; fileEncoding = 4; lastKnownFileType = sourcecode.c.h; path = b2BroadPhase.h; sourceTree = "<group>"; };
		92489B002799DA0400639B52 /* b2Distance.h */ = {isa = PBXFileReference; fileEncoding = 4; lastKnownFileType = sourcecode.c.h; path = b2Distance.h; sourceTree = "<group>"; };
		92489B012799DA0400639B52 /* b2CollideEdge.cpp */ = {isa = PBXFileReference; fileEncoding = 4; lastKnownFileType = sourcecode.cpp.cpp; path = b2CollideEdge.cpp; sourceTree = "<group>"; };
		92489B022799DA0400639B52 /* b2Collision.cpp */ = {isa = PBXFileReference; fileEncoding = 4; lastKnownFileType = sourcecode.cpp.cpp; path = b2Collision.cpp; sourceTree = "<group>"; };
		92489C022799DD0500639B52 /* LaunchScreen.storyboard */ = {isa = PBXFileReference; fileEncoding = 4; lastKnownFileType = file.storyboard; path = LaunchScreen.storyboard; sourceTree = "<group>"; };
/* End PBXFileReference section */

/* Begin PBXFrameworksBuildPhase section */
		92489A042799D9BD00639B52 /* Frameworks */ = {
			isa = PBXFrameworksBuildPhase;
			buildActionMask = 2147483647;
			files = (
			);
			runOnlyForDeploymentPostprocessing = 0;
		};
/* End PBXFrameworksBuildPhase section */

/* Begin PBXGroup section */
		923F2B4727A0FCD900443936 /* Bridging */ = {
			isa = PBXGroup;
			children = (
				923F2B4827A0FCD900443936 /* BridgingHeader.h */,
				923F2B4927A0FCD900443936 /* LiquidFun.mm */,
				923F2B4A27A0FCD900443936 /* Tests */,
				923F2B4D27A0FCD900443936 /* Tube.cpp */,
				923F2B4E27A0FCD900443936 /* Tube.h */,
				923F2B4F27A0FCD900443936 /* LiquidFun.h */,
				923F2B5027A0FCD900443936 /* CustomContactListener.h */,
			);
			path = Bridging;
			sourceTree = "<group>";
		};
		923F2B4A27A0FCD900443936 /* Tests */ = {
			isa = PBXGroup;
			children = (
				923F2B4B27A0FCD900443936 /* JointTest.h */,
				923F2B4C27A0FCD900443936 /* JointTest.cpp */,
			);
			path = Tests;
			sourceTree = "<group>";
		};
		923F2B5427A0FCE200443936 /* Core */ = {
			isa = PBXGroup;
			children = (
				923F2C0C27A10B7C00443936 /* Input */,
				923F2B5527A0FCE200443936 /* Engine.swift */,
				923F2B5A27A0FCE200443936 /* Preferences.swift */,
				923F2B5B27A0FCE200443936 /* GameTime.swift */,
				923F2B5C27A0FCE200443936 /* GameSettings.swift */,
			);
			path = Core;
			sourceTree = "<group>";
		};
		923F2B8727A0FD6C00443936 /* Res */ = {
			isa = PBXGroup;
			children = (
				923F2B8827A0FD6C00443936 /* testtube.obj */,
				923F2B8927A0FD6C00443936 /* Jug.png */,
				923F2B8A27A0FD6C00443936 /* snakedead.png */,
				923F2B8B27A0FD6C00443936 /* quad */,
				923F2B8E27A0FD6C00443936 /* TTFlat */,
				923F2B9227A0FD6C00443936 /* apple.png */,
				923F2B9327A0FD6C00443936 /* cloud */,
				923F2BA027A0FD6C00443936 /* 3DJug.obj */,
				923F2BA127A0FD6C00443936 /* cruiser */,
				923F2BA527A0FD6C00443936 /* Half3DJug.obj */,
				923F2BA627A0FD6C00443936 /* snake.png */,
			);
			path = Res;
			sourceTree = "<group>";
		};
		923F2B8B27A0FD6C00443936 /* quad */ = {
			isa = PBXGroup;
			children = (
				923F2C0827A0FE7400443936 /* quad.mtl */,
				923F2C0927A0FE7400443936 /* quad.obj */,
			);
			path = quad;
			sourceTree = "<group>";
		};
		923F2B8E27A0FD6C00443936 /* TTFlat */ = {
			isa = PBXGroup;
			children = (
				923F2B8F27A0FD6C00443936 /* testflat.mtl */,
				923F2B9027A0FD6C00443936 /* testflat.obj */,
				923F2B9127A0FD6C00443936 /* testflat.png */,
			);
			path = TTFlat;
			sourceTree = "<group>";
		};
		923F2B9327A0FD6C00443936 /* cloud */ = {
			isa = PBXGroup;
			children = (
				923F2B9427A0FD6C00443936 /* cloud2.obj */,
				923F2B9527A0FD6C00443936 /* cloud3.obj */,
				923F2B9627A0FD6C00443936 /* cloud1.obj */,
				923F2B9727A0FD6C00443936 /* cloud0.obj */,
				923F2B9827A0FD6C00443936 /* cloud3.png */,
				923F2B9927A0FD6C00443936 /* cloud2.png */,
				923F2B9A27A0FD6C00443936 /* Cloud0.png */,
				923F2B9B27A0FD6C00443936 /* cloud1.png */,
				923F2B9C27A0FD6C00443936 /* cloud1.mtl */,
				923F2B9D27A0FD6C00443936 /* cloud0.mtl */,
				923F2B9E27A0FD6C00443936 /* cloud2.mtl */,
				923F2B9F27A0FD6C00443936 /* cloud3.mtl */,
			);
			path = cloud;
			sourceTree = "<group>";
		};
		923F2BA127A0FD6C00443936 /* cruiser */ = {
			isa = PBXGroup;
			children = (
				923F2BA227A0FD6C00443936 /* cruiser.obj */,
				923F2BA327A0FD6C00443936 /* cruiser.bmp */,
				923F2BA427A0FD6C00443936 /* cruiser.mtl */,
			);
			path = cruiser;
			sourceTree = "<group>";
		};
		923F2BC227A0FD7300443936 /* Graphics */ = {
			isa = PBXGroup;
			children = (
				923F2BC327A0FD7300443936 /* MetalTypes.swift */,
				923F2BC427A0FD7300443936 /* Libraries */,
				923F2BCB27A0FD7300443936 /* BasicShaders.metal */,
				923F2BCC27A0FD7300443936 /* MetalTypes.metal */,
				923F2BCD27A0FD7300443936 /* FinalShaders.metal */,
				923F2BCE27A0FD7300443936 /* FluidShaders.metal */,
				923F2BCF27A0FD7300443936 /* InstancedShaders.metal */,
			);
			path = Graphics;
			sourceTree = "<group>";
		};
		923F2BC427A0FD7300443936 /* Libraries */ = {
			isa = PBXGroup;
			children = (
				923F2BC527A0FD7300443936 /* CustomMesh.swift */,
				923F2BC627A0FD7300443936 /* TextureLibrary.swift */,
				923F2BC727A0FD7300443936 /* DepthStencilStates.swift */,
				923F2BC827A0FD7300443936 /* MeshLibrary.swift */,
				923F2BC927A0FD7300443936 /* Samplers.swift */,
				923F2BCA27A0FD7300443936 /* RenderPipelineStates.swift */,
			);
			path = Libraries;
			sourceTree = "<group>";
		};
		923F2BDC27A0FD8C00443936 /* Game */ = {
			isa = PBXGroup;
			children = (
				923F2BDD27A0FD8C00443936 /* Scenes */,
				923F2BE127A0FD8C00443936 /* Game State */,
				923F2BE427A0FD8C00443936 /* Fluid Objects */,
				923F2BE627A0FD8C00443936 /* Cameras */,
				923F2BE827A0FD8C00443936 /* TestTube.swift */,
				923F2BE927A0FD8C00443936 /* TubeRep.swift */,
				923F2BEA27A0FD8C00443936 /* Game Objects */,
				923F2BEF27A0FD8C00443936 /* Protocols */,
			);
			path = Game;
			sourceTree = "<group>";
		};
		923F2BDD27A0FD8C00443936 /* Scenes */ = {
			isa = PBXGroup;
			children = (
				923F2BDE27A0FD8C00443936 /* Scene.swift */,
				923F2BDF27A0FD8C00443936 /* TestTubeScene.swift */,
				923F2BE027A0FD8C00443936 /* Node.swift */,
			);
			path = Scenes;
			sourceTree = "<group>";
		};
		923F2BE127A0FD8C00443936 /* Game State */ = {
			isa = PBXGroup;
			children = (
				923F2BE227A0FD8C00443936 /* Levels.swift */,
				923F2BE327A0FD8C00443936 /* GameStateEnums.swift */,
			);
			path = "Game State";
			sourceTree = "<group>";
		};
		923F2BE427A0FD8C00443936 /* Fluid Objects */ = {
			isa = PBXGroup;
			children = (
				923F2BE527A0FD8C00443936 /* DebugEnvironment.swift */,
			);
			path = "Fluid Objects";
			sourceTree = "<group>";
		};
		923F2BE627A0FD8C00443936 /* Cameras */ = {
			isa = PBXGroup;
			children = (
				923F2BE727A0FD8C00443936 /* Camera.swift */,
			);
			path = Cameras;
			sourceTree = "<group>";
		};
		923F2BEA27A0FD8C00443936 /* Game Objects */ = {
			isa = PBXGroup;
			children = (
				923F2BEB27A0FD8C00443936 /* SkyBackground.swift */,
				923F2BEC27A0FD8C00443936 /* CloudsBackground.swift */,
				923F2BED27A0FD8C00443936 /* GameObject.swift */,
				923F2BEE27A0FD8C00443936 /* InstancedObject.swift */,
			);
			path = "Game Objects";
			sourceTree = "<group>";
		};
		923F2BEF27A0FD8C00443936 /* Protocols */ = {
			isa = PBXGroup;
			children = (
				923F2BF027A0FD8C00443936 /* Renderable.swift */,
			);
			path = Protocols;
			sourceTree = "<group>";
		};
		923F2BFF27A0FDB500443936 /* Utils */ = {
			isa = PBXGroup;
			children = (
				923F2C0027A0FDB500443936 /* Math.swift */,
				923F2C0127A0FDB500443936 /* TextureLoader.swift */,
				923F2C0227A0FDB500443936 /* OBJLoader.swift */,
				923F2C0327A0FDB500443936 /* ColorUtil.swift */,
			);
			path = Utils;
			sourceTree = "<group>";
		};
		923F2C0C27A10B7C00443936 /* Input */ = {
			isa = PBXGroup;
			children = (
				923F2C0D27A10CFA00443936 /* Touches.swift */,
			);
			path = Input;
			sourceTree = "<group>";
		};
		924899FE2799D9BD00639B52 = {
			isa = PBXGroup;
			children = (
				92489A092799D9BD00639B52 /* FluidEngineIOS */,
				92489A082799D9BD00639B52 /* Products */,
			);
			sourceTree = "<group>";
		};
		92489A082799D9BD00639B52 /* Products */ = {
			isa = PBXGroup;
			children = (
				92489A072799D9BD00639B52 /* FluidEngineIOS.app */,
			);
			name = Products;
			sourceTree = "<group>";
		};
		92489A092799D9BD00639B52 /* FluidEngineIOS */ = {
			isa = PBXGroup;
			children = (
				92489A3A2799DA0300639B52 /* Box2D */,
				923F2B4727A0FCD900443936 /* Bridging */,
				923F2B5427A0FCE200443936 /* Core */,
				923F2BDC27A0FD8C00443936 /* Game */,
				923F2BFF27A0FDB500443936 /* Utils */,
				923F2BC227A0FD7300443936 /* Graphics */,
				923F2B8727A0FD6C00443936 /* Res */,
				92489A2F2799DA0200639B52 /* Display */,
				92489A1E2799D9C500639B52 /* Other Files */,
			);
			path = FluidEngineIOS;
			sourceTree = "<group>";
		};
		92489A1E2799D9C500639B52 /* Other Files */ = {
			isa = PBXGroup;
			children = (
				92489C022799DD0500639B52 /* LaunchScreen.storyboard */,
				92489A0A2799D9BD00639B52 /* AppDelegate.swift */,
				92489A0C2799D9BD00639B52 /* SceneDelegate.swift */,
				92489A132799D9BF00639B52 /* Assets.xcassets */,
				92489A182799D9BF00639B52 /* Info.plist */,
			);
			path = "Other Files";
			sourceTree = "<group>";
		};
		92489A2F2799DA0200639B52 /* Display */ = {
			isa = PBXGroup;
			children = (
				92489A302799DA0200639B52 /* GameView.swift */,
				923F2B4527A0FC5A00443936 /* Renderer.swift */,
				92489A102799D9BD00639B52 /* Main.storyboard */,
			);
			path = Display;
			sourceTree = "<group>";
		};
		92489A3A2799DA0300639B52 /* Box2D */ = {
			isa = PBXGroup;
			children = (
				92489A852799DA0300639B52 /* Dynamics */,
				92489AC02799DA0300639B52 /* Box2D.h */,
				92489AC12799DA0300639B52 /* Rope */,
				92489AC42799DA0300639B52 /* UseBox2D.cmake */,
				92489AC52799DA0300639B52 /* Common */,
				92489ADE2799DA0300639B52 /* Particle */,
				92489AEB2799DA0400639B52 /* Collision */,
			);
			path = Box2D;
			sourceTree = "<group>";
		};
		92489A852799DA0300639B52 /* Dynamics */ = {
			isa = PBXGroup;
			children = (
				92489A862799DA0300639B52 /* b2Body.cpp */,
				92489A872799DA0300639B52 /* b2World.cpp */,
				92489A882799DA0300639B52 /* b2Fixture.cpp */,
				92489A892799DA0300639B52 /* b2World.h */,
				92489A8A2799DA0300639B52 /* Contacts */,
				92489A9D2799DA0300639B52 /* b2WorldCallbacks.cpp */,
				92489A9E2799DA0300639B52 /* Joints */,
				92489AB72799DA0300639B52 /* b2Body.h */,
				92489AB82799DA0300639B52 /* b2Island.cpp */,
				92489AB92799DA0300639B52 /* b2Fixture.h */,
				92489ABA2799DA0300639B52 /* b2TimeStep.h */,
				92489ABB2799DA0300639B52 /* b2WorldCallbacks.h */,
				92489ABC2799DA0300639B52 /* b2ContactManager.h */,
				92489ABD2799DA0300639B52 /* b2Island.h */,
				92489ABE2799DA0300639B52 /* b2ContactManager.cpp */,
			);
			path = Dynamics;
			sourceTree = "<group>";
		};
		92489A8A2799DA0300639B52 /* Contacts */ = {
			isa = PBXGroup;
			children = (
				92489A8B2799DA0300639B52 /* b2ContactSolver.h */,
				92489A8C2799DA0300639B52 /* b2ChainAndCircleContact.h */,
				92489A8D2799DA0300639B52 /* b2PolygonAndCircleContact.h */,
				92489A8E2799DA0300639B52 /* b2EdgeAndCircleContact.h */,
				92489A8F2799DA0300639B52 /* b2ChainAndPolygonContact.cpp */,
				92489A902799DA0300639B52 /* b2EdgeAndPolygonContact.h */,
				92489A912799DA0300639B52 /* b2EdgeAndPolygonContact.cpp */,
				92489A922799DA0300639B52 /* b2ChainAndCircleContact.cpp */,
				92489A932799DA0300639B52 /* b2PolygonAndCircleContact.cpp */,
				92489A942799DA0300639B52 /* b2Contact.h */,
				92489A952799DA0300639B52 /* b2PolygonContact.cpp */,
				92489A962799DA0300639B52 /* b2CircleContact.h */,
				92489A972799DA0300639B52 /* b2ChainAndPolygonContact.h */,
				92489A982799DA0300639B52 /* b2PolygonContact.h */,
				92489A992799DA0300639B52 /* b2ContactSolver.cpp */,
				92489A9A2799DA0300639B52 /* b2CircleContact.cpp */,
				92489A9B2799DA0300639B52 /* b2EdgeAndCircleContact.cpp */,
				92489A9C2799DA0300639B52 /* b2Contact.cpp */,
			);
			path = Contacts;
			sourceTree = "<group>";
		};
		92489A9E2799DA0300639B52 /* Joints */ = {
			isa = PBXGroup;
			children = (
				92489A9F2799DA0300639B52 /* b2WeldJoint.cpp */,
				92489AA02799DA0300639B52 /* b2MouseJoint.cpp */,
				92489AA12799DA0300639B52 /* b2FrictionJoint.cpp */,
				92489AA22799DA0300639B52 /* b2PrismaticJoint.h */,
				92489AA32799DA0300639B52 /* b2PulleyJoint.h */,
				92489AA42799DA0300639B52 /* b2RopeJoint.h */,
				92489AA52799DA0300639B52 /* b2WeldJoint.h */,
				92489AA62799DA0300639B52 /* b2GearJoint.h */,
				92489AA72799DA0300639B52 /* b2DistanceJoint.h */,
				92489AA82799DA0300639B52 /* b2MouseJoint.h */,
				92489AA92799DA0300639B52 /* b2DistanceJoint.cpp */,
				92489AAA2799DA0300639B52 /* b2WheelJoint.cpp */,
				92489AAB2799DA0300639B52 /* b2MotorJoint.cpp */,
				92489AAC2799DA0300639B52 /* b2Joint.h */,
				92489AAD2799DA0300639B52 /* b2RevoluteJoint.h */,
				92489AAE2799DA0300639B52 /* b2RevoluteJoint.cpp */,
				92489AAF2799DA0300639B52 /* b2FrictionJoint.h */,
				92489AB02799DA0300639B52 /* b2GearJoint.cpp */,
				92489AB12799DA0300639B52 /* b2Joint.cpp */,
				92489AB22799DA0300639B52 /* b2PrismaticJoint.cpp */,
				92489AB32799DA0300639B52 /* b2PulleyJoint.cpp */,
				92489AB42799DA0300639B52 /* b2WheelJoint.h */,
				92489AB52799DA0300639B52 /* b2RopeJoint.cpp */,
				92489AB62799DA0300639B52 /* b2MotorJoint.h */,
			);
			path = Joints;
			sourceTree = "<group>";
		};
		92489AC12799DA0300639B52 /* Rope */ = {
			isa = PBXGroup;
			children = (
				92489AC22799DA0300639B52 /* b2Rope.h */,
				92489AC32799DA0300639B52 /* b2Rope.cpp */,
			);
			path = Rope;
			sourceTree = "<group>";
		};
		92489AC52799DA0300639B52 /* Common */ = {
			isa = PBXGroup;
			children = (
				92489AC62799DA0300639B52 /* b2IntrusiveList.h */,
				92489AC72799DA0300639B52 /* b2TrackedBlock.h */,
				92489AC82799DA0300639B52 /* b2StackAllocator.h */,
				92489AC92799DA0300639B52 /* b2Draw.cpp */,
				92489ACA2799DA0300639B52 /* b2GrowableStack.h */,
				92489ACB2799DA0300639B52 /* b2TrackedBlock.cpp */,
				92489ACC2799DA0300639B52 /* b2BlockAllocator.cpp */,
				92489ACD2799DA0300639B52 /* b2BlockAllocator.h */,
				92489ACE2799DA0300639B52 /* b2Settings.cpp */,
				92489ACF2799DA0300639B52 /* b2Timer.h */,
				92489AD02799DA0300639B52 /* b2Stat.h */,
				92489AD12799DA0300639B52 /* b2Timer.cpp */,
				92489AD22799DA0300639B52 /* b2Math.h */,
				92489AD32799DA0300639B52 /* b2Stat.cpp */,
				92489AD42799DA0300639B52 /* b2FreeList.cpp */,
				92489AD52799DA0300639B52 /* b2SlabAllocator.h */,
				92489AD62799DA0300639B52 /* b2StackAllocator.cpp */,
				92489AD72799DA0300639B52 /* b2Math.cpp */,
				92489AD82799DA0300639B52 /* b2Draw.h */,
				92489AD92799DA0300639B52 /* b2Settings.h */,
				92489ADA2799DA0300639B52 /* b2FreeList.h */,
				92489ADB2799DA0300639B52 /* b2GrowableBuffer.h */,
			);
			path = Common;
			sourceTree = "<group>";
		};
		92489ADE2799DA0300639B52 /* Particle */ = {
			isa = PBXGroup;
			children = (
				92489ADF2799DA0300639B52 /* b2ParticleGroup.cpp */,
				92489AE02799DA0300639B52 /* b2VoronoiDiagram.cpp */,
				92489AE12799DA0300639B52 /* b2ParticleSystem.h */,
				92489AE22799DA0300639B52 /* b2ParticleSystem.cpp */,
				92489AE42799DA0300639B52 /* b2Particle.h */,
				92489AE52799DA0300639B52 /* b2ParticleGroup.h */,
				92489AE62799DA0300639B52 /* b2VoronoiDiagram.h */,
				92489AE72799DA0300639B52 /* b2Particle.cpp */,
				92489AEA2799DA0300639B52 /* b2StackQueue.h */,
			);
			path = Particle;
			sourceTree = "<group>";
		};
		92489AEB2799DA0400639B52 /* Collision */ = {
			isa = PBXGroup;
			children = (
				92489AEC2799DA0400639B52 /* b2Collision.h */,
				92489AED2799DA0400639B52 /* b2Distance.cpp */,
				92489AEE2799DA0400639B52 /* b2CollideCircle.cpp */,
				92489AEF2799DA0400639B52 /* b2CollidePolygon.cpp */,
				92489AF02799DA0400639B52 /* b2DynamicTree.cpp */,
				92489AF12799DA0400639B52 /* b2DynamicTree.h */,
				92489AF22799DA0400639B52 /* Shapes */,
				92489AFC2799DA0400639B52 /* b2TimeOfImpact.h */,
				92489AFD2799DA0400639B52 /* b2TimeOfImpact.cpp */,
				92489AFE2799DA0400639B52 /* b2BroadPhase.cpp */,
				92489AFF2799DA0400639B52 /* b2BroadPhase.h */,
				92489B002799DA0400639B52 /* b2Distance.h */,
				92489B012799DA0400639B52 /* b2CollideEdge.cpp */,
				92489B022799DA0400639B52 /* b2Collision.cpp */,
			);
			path = Collision;
			sourceTree = "<group>";
		};
		92489AF22799DA0400639B52 /* Shapes */ = {
			isa = PBXGroup;
			children = (
				92489AF32799DA0400639B52 /* b2ChainShape.cpp */,
				92489AF42799DA0400639B52 /* b2PolygonShape.h */,
				92489AF52799DA0400639B52 /* b2Shape.h */,
				92489AF62799DA0400639B52 /* b2ChainShape.h */,
				92489AF72799DA0400639B52 /* b2EdgeShape.cpp */,
				92489AF82799DA0400639B52 /* b2CircleShape.cpp */,
				92489AF92799DA0400639B52 /* b2PolygonShape.cpp */,
				92489AFA2799DA0400639B52 /* b2EdgeShape.h */,
				92489AFB2799DA0400639B52 /* b2CircleShape.h */,
			);
			path = Shapes;
			sourceTree = "<group>";
		};
/* End PBXGroup section */

/* Begin PBXNativeTarget section */
		92489A062799D9BD00639B52 /* FluidEngineIOS */ = {
			isa = PBXNativeTarget;
			buildConfigurationList = 92489A1B2799D9BF00639B52 /* Build configuration list for PBXNativeTarget "FluidEngineIOS" */;
			buildPhases = (
				92489A032799D9BD00639B52 /* Sources */,
				92489A042799D9BD00639B52 /* Frameworks */,
				92489A052799D9BD00639B52 /* Resources */,
			);
			buildRules = (
			);
			dependencies = (
			);
			name = FluidEngineIOS;
			productName = FluidEngineIOS;
			productReference = 92489A072799D9BD00639B52 /* FluidEngineIOS.app */;
			productType = "com.apple.product-type.application";
		};
/* End PBXNativeTarget section */

/* Begin PBXProject section */
		924899FF2799D9BD00639B52 /* Project object */ = {
			isa = PBXProject;
			attributes = {
				LastSwiftUpdateCheck = 1250;
				LastUpgradeCheck = 1250;
				TargetAttributes = {
					92489A062799D9BD00639B52 = {
						CreatedOnToolsVersion = 12.5.1;
					};
				};
			};
			buildConfigurationList = 92489A022799D9BD00639B52 /* Build configuration list for PBXProject "FluidEngineIOS" */;
			compatibilityVersion = "Xcode 9.3";
			developmentRegion = en;
			hasScannedForEncodings = 0;
			knownRegions = (
				en,
				Base,
			);
			mainGroup = 924899FE2799D9BD00639B52;
			productRefGroup = 92489A082799D9BD00639B52 /* Products */;
			projectDirPath = "";
			projectRoot = "";
			targets = (
				92489A062799D9BD00639B52 /* FluidEngineIOS */,
			);
		};
/* End PBXProject section */

/* Begin PBXResourcesBuildPhase section */
		92489A052799D9BD00639B52 /* Resources */ = {
			isa = PBXResourcesBuildPhase;
			buildActionMask = 2147483647;
			files = (
				923F2BB027A0FD6C00443936 /* cloud2.obj in Resources */,
				923F2BBC27A0FD6C00443936 /* 3DJug.obj in Resources */,
				923F2BAC27A0FD6C00443936 /* testflat.mtl in Resources */,
				923F2BB327A0FD6C00443936 /* cloud0.obj in Resources */,
				923F2BA827A0FD6C00443936 /* Jug.png in Resources */,
				923F2BB127A0FD6C00443936 /* cloud3.obj in Resources */,
				923F2C0A27A0FE7400443936 /* quad.mtl in Resources */,
				923F2BBF27A0FD6C00443936 /* cruiser.mtl in Resources */,
				923F2BA927A0FD6C00443936 /* snakedead.png in Resources */,
				92489C032799DD0500639B52 /* LaunchScreen.storyboard in Resources */,
				92489BB32799DA0400639B52 /* UseBox2D.cmake in Resources */,
				923F2BA727A0FD6C00443936 /* testtube.obj in Resources */,
				92489A142799D9BF00639B52 /* Assets.xcassets in Resources */,
				923F2BB427A0FD6C00443936 /* cloud3.png in Resources */,
				923F2BBE27A0FD6C00443936 /* cruiser.bmp in Resources */,
				923F2BB627A0FD6C00443936 /* Cloud0.png in Resources */,
				923F2BB227A0FD6C00443936 /* cloud1.obj in Resources */,
				923F2BAD27A0FD6C00443936 /* testflat.obj in Resources */,
				923F2BB727A0FD6C00443936 /* cloud1.png in Resources */,
				923F2BAE27A0FD6C00443936 /* testflat.png in Resources */,
				923F2BBB27A0FD6C00443936 /* cloud3.mtl in Resources */,
				923F2BC127A0FD6C00443936 /* snake.png in Resources */,
				923F2BBD27A0FD6C00443936 /* cruiser.obj in Resources */,
				923F2C0B27A0FE7400443936 /* quad.obj in Resources */,
				923F2BAF27A0FD6C00443936 /* apple.png in Resources */,
				923F2BB827A0FD6C00443936 /* cloud1.mtl in Resources */,
				92489A122799D9BD00639B52 /* Main.storyboard in Resources */,
				923F2BC027A0FD6C00443936 /* Half3DJug.obj in Resources */,
				923F2BB927A0FD6C00443936 /* cloud0.mtl in Resources */,
				923F2BBA27A0FD6C00443936 /* cloud2.mtl in Resources */,
				923F2BB527A0FD6C00443936 /* cloud2.png in Resources */,
			);
			runOnlyForDeploymentPostprocessing = 0;
		};
/* End PBXResourcesBuildPhase section */

/* Begin PBXSourcesBuildPhase section */
		92489A032799D9BD00639B52 /* Sources */ = {
			isa = PBXSourcesBuildPhase;
			buildActionMask = 2147483647;
			files = (
				923F2BFD27A0FD8C00443936 /* InstancedObject.swift in Sources */,
				92489BBB2799DA0400639B52 /* b2StackAllocator.cpp in Sources */,
				92489BB42799DA0400639B52 /* b2Draw.cpp in Sources */,
				92489BC72799DA0400639B52 /* b2CollidePolygon.cpp in Sources */,
				92489BAD2799DA0400639B52 /* b2PulleyJoint.cpp in Sources */,
				92489BCF2799DA0400639B52 /* b2CollideEdge.cpp in Sources */,
				923F2BFB27A0FD8C00443936 /* CloudsBackground.swift in Sources */,
				92489BAA2799DA0400639B52 /* b2GearJoint.cpp in Sources */,
				92489B982799DA0400639B52 /* b2Fixture.cpp in Sources */,
				92489BC62799DA0400639B52 /* b2CollideCircle.cpp in Sources */,
				923F2B5227A0FCD900443936 /* JointTest.cpp in Sources */,
				923F2B5327A0FCD900443936 /* Tube.cpp in Sources */,
				92489B992799DA0400639B52 /* b2ChainAndPolygonContact.cpp in Sources */,
				92489BA02799DA0400639B52 /* b2EdgeAndCircleContact.cpp in Sources */,
				92489BB82799DA0400639B52 /* b2Timer.cpp in Sources */,
				923F2C0E27A10CFA00443936 /* Touches.swift in Sources */,
				923F2BF927A0FD8C00443936 /* TubeRep.swift in Sources */,
				923F2B5D27A0FCE200443936 /* Engine.swift in Sources */,
				92489BB72799DA0400639B52 /* b2Settings.cpp in Sources */,
				92489B9E2799DA0400639B52 /* b2ContactSolver.cpp in Sources */,
				92489BA22799DA0400639B52 /* b2WorldCallbacks.cpp in Sources */,
				92489B9C2799DA0400639B52 /* b2PolygonAndCircleContact.cpp in Sources */,
				92489BB62799DA0400639B52 /* b2BlockAllocator.cpp in Sources */,
				923F2B4627A0FC5A00443936 /* Renderer.swift in Sources */,
				92489B9D2799DA0400639B52 /* b2PolygonContact.cpp in Sources */,
				92489B4E2799DA0400639B52 /* GameView.swift in Sources */,
				923F2B6327A0FCE200443936 /* GameSettings.swift in Sources */,
				923F2BF727A0FD8C00443936 /* Camera.swift in Sources */,
				92489BA72799DA0400639B52 /* b2WheelJoint.cpp in Sources */,
				92489BCB2799DA0400639B52 /* b2CircleShape.cpp in Sources */,
				92489BC92799DA0400639B52 /* b2ChainShape.cpp in Sources */,
				92489BCC2799DA0400639B52 /* b2PolygonShape.cpp in Sources */,
				92489BAE2799DA0400639B52 /* b2RopeJoint.cpp in Sources */,
				92489B9B2799DA0400639B52 /* b2ChainAndCircleContact.cpp in Sources */,
				923F2BF127A0FD8C00443936 /* Scene.swift in Sources */,
				923F2BF327A0FD8C00443936 /* Node.swift in Sources */,
				92489BBF2799DA0400639B52 /* b2ParticleGroup.cpp in Sources */,
				923F2B6227A0FCE200443936 /* GameTime.swift in Sources */,
				92489BB22799DA0400639B52 /* b2Rope.cpp in Sources */,
				923F2BD727A0FD7300443936 /* BasicShaders.metal in Sources */,
				923F2C0727A0FDB500443936 /* ColorUtil.swift in Sources */,
				92489BCD2799DA0400639B52 /* b2TimeOfImpact.cpp in Sources */,
				923F2BF427A0FD8C00443936 /* Levels.swift in Sources */,
				923F2BD927A0FD7300443936 /* FinalShaders.metal in Sources */,
				923F2B5127A0FCD900443936 /* LiquidFun.mm in Sources */,
				923F2BF527A0FD8C00443936 /* GameStateEnums.swift in Sources */,
				923F2BDB27A0FD7300443936 /* InstancedShaders.metal in Sources */,
				92489BCE2799DA0400639B52 /* b2BroadPhase.cpp in Sources */,
				923F2C0527A0FDB500443936 /* TextureLoader.swift in Sources */,
				92489BA92799DA0400639B52 /* b2RevoluteJoint.cpp in Sources */,
				923F2BD527A0FD7300443936 /* Samplers.swift in Sources */,
				92489BA82799DA0400639B52 /* b2MotorJoint.cpp in Sources */,
				92489BAF2799DA0400639B52 /* b2Island.cpp in Sources */,
				92489A0B2799D9BD00639B52 /* AppDelegate.swift in Sources */,
				923F2BD027A0FD7300443936 /* MetalTypes.swift in Sources */,
				923F2BF627A0FD8C00443936 /* DebugEnvironment.swift in Sources */,
				92489BB02799DA0400639B52 /* b2ContactManager.cpp in Sources */,
				923F2BD227A0FD7300443936 /* TextureLibrary.swift in Sources */,
				92489B962799DA0400639B52 /* b2Body.cpp in Sources */,
				92489B9F2799DA0400639B52 /* b2CircleContact.cpp in Sources */,
				923F2C0427A0FDB500443936 /* Math.swift in Sources */,
				92489BC32799DA0400639B52 /* b2Particle.cpp in Sources */,
				92489BB52799DA0400639B52 /* b2TrackedBlock.cpp in Sources */,
				923F2BFA27A0FD8C00443936 /* SkyBackground.swift in Sources */,
				923F2BD827A0FD7300443936 /* MetalTypes.metal in Sources */,
				92489BD02799DA0400639B52 /* b2Collision.cpp in Sources */,
				92489BC82799DA0400639B52 /* b2DynamicTree.cpp in Sources */,
				92489B972799DA0400639B52 /* b2World.cpp in Sources */,
				923F2BFE27A0FD8C00443936 /* Renderable.swift in Sources */,
				923F2BD127A0FD7300443936 /* CustomMesh.swift in Sources */,
				923F2BD427A0FD7300443936 /* MeshLibrary.swift in Sources */,
				92489BAB2799DA0400639B52 /* b2Joint.cpp in Sources */,
				92489B9A2799DA0400639B52 /* b2EdgeAndPolygonContact.cpp in Sources */,
				923F2BF227A0FD8C00443936 /* TestTubeScene.swift in Sources */,
				92489BA42799DA0400639B52 /* b2MouseJoint.cpp in Sources */,
				92489A0D2799D9BD00639B52 /* SceneDelegate.swift in Sources */,
				92489BA32799DA0400639B52 /* b2WeldJoint.cpp in Sources */,
				923F2B6127A0FCE200443936 /* Preferences.swift in Sources */,
				92489BBC2799DA0400639B52 /* b2Math.cpp in Sources */,
				923F2BFC27A0FD8C00443936 /* GameObject.swift in Sources */,
				92489BB92799DA0400639B52 /* b2Stat.cpp in Sources */,
				923F2BDA27A0FD7300443936 /* FluidShaders.metal in Sources */,
				92489BCA2799DA0400639B52 /* b2EdgeShape.cpp in Sources */,
				92489BC02799DA0400639B52 /* b2VoronoiDiagram.cpp in Sources */,
				92489BC12799DA0400639B52 /* b2ParticleSystem.cpp in Sources */,
				923F2BD627A0FD7300443936 /* RenderPipelineStates.swift in Sources */,
				92489BAC2799DA0400639B52 /* b2PrismaticJoint.cpp in Sources */,
				92489BBA2799DA0400639B52 /* b2FreeList.cpp in Sources */,
				923F2BF827A0FD8C00443936 /* TestTube.swift in Sources */,
				923F2BD327A0FD7300443936 /* DepthStencilStates.swift in Sources */,
				92489BA62799DA0400639B52 /* b2DistanceJoint.cpp in Sources */,
				923F2C0627A0FDB500443936 /* OBJLoader.swift in Sources */,
				92489BA12799DA0400639B52 /* b2Contact.cpp in Sources */,
				92489BA52799DA0400639B52 /* b2FrictionJoint.cpp in Sources */,
				92489BC52799DA0400639B52 /* b2Distance.cpp in Sources */,
			);
			runOnlyForDeploymentPostprocessing = 0;
		};
/* End PBXSourcesBuildPhase section */

/* Begin PBXVariantGroup section */
		92489A102799D9BD00639B52 /* Main.storyboard */ = {
			isa = PBXVariantGroup;
			children = (
				92489A112799D9BD00639B52 /* Base */,
			);
			name = Main.storyboard;
			sourceTree = "<group>";
		};
/* End PBXVariantGroup section */

/* Begin XCBuildConfiguration section */
		92489A192799D9BF00639B52 /* Debug */ = {
			isa = XCBuildConfiguration;
			buildSettings = {
				ALWAYS_SEARCH_USER_PATHS = NO;
				CLANG_ANALYZER_NONNULL = YES;
				CLANG_ANALYZER_NUMBER_OBJECT_CONVERSION = YES_AGGRESSIVE;
				CLANG_CXX_LANGUAGE_STANDARD = "gnu++14";
				CLANG_CXX_LIBRARY = "libc++";
				CLANG_ENABLE_MODULES = YES;
				CLANG_ENABLE_OBJC_ARC = YES;
				CLANG_ENABLE_OBJC_WEAK = YES;
				CLANG_WARN_BLOCK_CAPTURE_AUTORELEASING = YES;
				CLANG_WARN_BOOL_CONVERSION = YES;
				CLANG_WARN_COMMA = YES;
				CLANG_WARN_CONSTANT_CONVERSION = YES;
				CLANG_WARN_DEPRECATED_OBJC_IMPLEMENTATIONS = YES;
				CLANG_WARN_DIRECT_OBJC_ISA_USAGE = YES_ERROR;
				CLANG_WARN_DOCUMENTATION_COMMENTS = YES;
				CLANG_WARN_EMPTY_BODY = YES;
				CLANG_WARN_ENUM_CONVERSION = YES;
				CLANG_WARN_INFINITE_RECURSION = YES;
				CLANG_WARN_INT_CONVERSION = YES;
				CLANG_WARN_NON_LITERAL_NULL_CONVERSION = YES;
				CLANG_WARN_OBJC_IMPLICIT_RETAIN_SELF = YES;
				CLANG_WARN_OBJC_LITERAL_CONVERSION = YES;
				CLANG_WARN_OBJC_ROOT_CLASS = YES_ERROR;
				CLANG_WARN_QUOTED_INCLUDE_IN_FRAMEWORK_HEADER = YES;
				CLANG_WARN_RANGE_LOOP_ANALYSIS = YES;
				CLANG_WARN_STRICT_PROTOTYPES = YES;
				CLANG_WARN_SUSPICIOUS_MOVE = YES;
				CLANG_WARN_UNGUARDED_AVAILABILITY = YES_AGGRESSIVE;
				CLANG_WARN_UNREACHABLE_CODE = YES;
				CLANG_WARN__DUPLICATE_METHOD_MATCH = YES;
				COPY_PHASE_STRIP = NO;
				DEBUG_INFORMATION_FORMAT = dwarf;
				ENABLE_STRICT_OBJC_MSGSEND = YES;
				ENABLE_TESTABILITY = YES;
				GCC_C_LANGUAGE_STANDARD = gnu11;
				GCC_DYNAMIC_NO_PIC = NO;
				GCC_NO_COMMON_BLOCKS = YES;
				GCC_OPTIMIZATION_LEVEL = 0;
				GCC_PREPROCESSOR_DEFINITIONS = (
					"DEBUG=1",
					"$(inherited)",
				);
				GCC_WARN_64_TO_32_BIT_CONVERSION = YES;
				GCC_WARN_ABOUT_RETURN_TYPE = YES_ERROR;
				GCC_WARN_UNDECLARED_SELECTOR = YES;
				GCC_WARN_UNINITIALIZED_AUTOS = YES_AGGRESSIVE;
				GCC_WARN_UNUSED_FUNCTION = YES;
				GCC_WARN_UNUSED_VARIABLE = YES;
				IPHONEOS_DEPLOYMENT_TARGET = 14.5;
				MTL_ENABLE_DEBUG_INFO = INCLUDE_SOURCE;
				MTL_FAST_MATH = YES;
				ONLY_ACTIVE_ARCH = YES;
				SDKROOT = iphoneos;
				SWIFT_ACTIVE_COMPILATION_CONDITIONS = DEBUG;
				SWIFT_OPTIMIZATION_LEVEL = "-Onone";
			};
			name = Debug;
		};
		92489A1A2799D9BF00639B52 /* Release */ = {
			isa = XCBuildConfiguration;
			buildSettings = {
				ALWAYS_SEARCH_USER_PATHS = NO;
				CLANG_ANALYZER_NONNULL = YES;
				CLANG_ANALYZER_NUMBER_OBJECT_CONVERSION = YES_AGGRESSIVE;
				CLANG_CXX_LANGUAGE_STANDARD = "gnu++14";
				CLANG_CXX_LIBRARY = "libc++";
				CLANG_ENABLE_MODULES = YES;
				CLANG_ENABLE_OBJC_ARC = YES;
				CLANG_ENABLE_OBJC_WEAK = YES;
				CLANG_WARN_BLOCK_CAPTURE_AUTORELEASING = YES;
				CLANG_WARN_BOOL_CONVERSION = YES;
				CLANG_WARN_COMMA = YES;
				CLANG_WARN_CONSTANT_CONVERSION = YES;
				CLANG_WARN_DEPRECATED_OBJC_IMPLEMENTATIONS = YES;
				CLANG_WARN_DIRECT_OBJC_ISA_USAGE = YES_ERROR;
				CLANG_WARN_DOCUMENTATION_COMMENTS = YES;
				CLANG_WARN_EMPTY_BODY = YES;
				CLANG_WARN_ENUM_CONVERSION = YES;
				CLANG_WARN_INFINITE_RECURSION = YES;
				CLANG_WARN_INT_CONVERSION = YES;
				CLANG_WARN_NON_LITERAL_NULL_CONVERSION = YES;
				CLANG_WARN_OBJC_IMPLICIT_RETAIN_SELF = YES;
				CLANG_WARN_OBJC_LITERAL_CONVERSION = YES;
				CLANG_WARN_OBJC_ROOT_CLASS = YES_ERROR;
				CLANG_WARN_QUOTED_INCLUDE_IN_FRAMEWORK_HEADER = YES;
				CLANG_WARN_RANGE_LOOP_ANALYSIS = YES;
				CLANG_WARN_STRICT_PROTOTYPES = YES;
				CLANG_WARN_SUSPICIOUS_MOVE = YES;
				CLANG_WARN_UNGUARDED_AVAILABILITY = YES_AGGRESSIVE;
				CLANG_WARN_UNREACHABLE_CODE = YES;
				CLANG_WARN__DUPLICATE_METHOD_MATCH = YES;
				COPY_PHASE_STRIP = NO;
				DEBUG_INFORMATION_FORMAT = "dwarf-with-dsym";
				ENABLE_NS_ASSERTIONS = NO;
				ENABLE_STRICT_OBJC_MSGSEND = YES;
				GCC_C_LANGUAGE_STANDARD = gnu11;
				GCC_NO_COMMON_BLOCKS = YES;
				GCC_WARN_64_TO_32_BIT_CONVERSION = YES;
				GCC_WARN_ABOUT_RETURN_TYPE = YES_ERROR;
				GCC_WARN_UNDECLARED_SELECTOR = YES;
				GCC_WARN_UNINITIALIZED_AUTOS = YES_AGGRESSIVE;
				GCC_WARN_UNUSED_FUNCTION = YES;
				GCC_WARN_UNUSED_VARIABLE = YES;
				IPHONEOS_DEPLOYMENT_TARGET = 14.5;
				MTL_ENABLE_DEBUG_INFO = NO;
				MTL_FAST_MATH = YES;
				SDKROOT = iphoneos;
				SWIFT_COMPILATION_MODE = wholemodule;
				SWIFT_OPTIMIZATION_LEVEL = "-O";
				VALIDATE_PRODUCT = YES;
			};
			name = Release;
		};
		92489A1C2799D9BF00639B52 /* Debug */ = {
			isa = XCBuildConfiguration;
			buildSettings = {
				ASSETCATALOG_COMPILER_APPICON_NAME = AppIcon;
				ASSETCATALOG_COMPILER_GLOBAL_ACCENT_COLOR_NAME = AccentColor;
				CODE_SIGN_STYLE = Automatic;
				DEVELOPMENT_TEAM = BG774WWHGB;
				HEADER_SEARCH_PATHS = "$(SRCROOT)/FluidEngineIOS/**";
				INFOPLIST_FILE = "FluidEngineIOS/Other Files/Info.plist";
				IPHONEOS_DEPLOYMENT_TARGET = 14.1;
				LD_RUNPATH_SEARCH_PATHS = (
					"$(inherited)",
					"@executable_path/Frameworks",
				);
				PRODUCT_BUNDLE_IDENTIFIER = sebde.FluidEngineIOS;
				PRODUCT_NAME = "$(TARGET_NAME)";
				SWIFT_OBJC_BRIDGING_HEADER = "$(SRCROOT)/FluidEngineIOS/Bridging/BridgingHeader.h";
				SWIFT_VERSION = 5.0;
				TARGETED_DEVICE_FAMILY = 1;
			};
			name = Debug;
		};
		92489A1D2799D9BF00639B52 /* Release */ = {
			isa = XCBuildConfiguration;
			buildSettings = {
				ASSETCATALOG_COMPILER_APPICON_NAME = AppIcon;
				ASSETCATALOG_COMPILER_GLOBAL_ACCENT_COLOR_NAME = AccentColor;
				CODE_SIGN_STYLE = Automatic;
				DEVELOPMENT_TEAM = BG774WWHGB;
				HEADER_SEARCH_PATHS = "$(SRCROOT)/FluidEngineIOS/**";
				INFOPLIST_FILE = "FluidEngineIOS/Other Files/Info.plist";
				IPHONEOS_DEPLOYMENT_TARGET = 14.1;
				LD_RUNPATH_SEARCH_PATHS = (
					"$(inherited)",
					"@executable_path/Frameworks",
				);
				PRODUCT_BUNDLE_IDENTIFIER = sebde.FluidEngineIOS;
				PRODUCT_NAME = "$(TARGET_NAME)";
				SWIFT_OBJC_BRIDGING_HEADER = "$(SRCROOT)/FluidEngineIOS/Bridging/BridgingHeader.h";
				SWIFT_VERSION = 5.0;
				TARGETED_DEVICE_FAMILY = 1;
			};
			name = Release;
		};
/* End XCBuildConfiguration section */

/* Begin XCConfigurationList section */
		92489A022799D9BD00639B52 /* Build configuration list for PBXProject "FluidEngineIOS" */ = {
			isa = XCConfigurationList;
			buildConfigurations = (
				92489A192799D9BF00639B52 /* Debug */,
				92489A1A2799D9BF00639B52 /* Release */,
			);
			defaultConfigurationIsVisible = 0;
			defaultConfigurationName = Release;
		};
		92489A1B2799D9BF00639B52 /* Build configuration list for PBXNativeTarget "FluidEngineIOS" */ = {
			isa = XCConfigurationList;
			buildConfigurations = (
				92489A1C2799D9BF00639B52 /* Debug */,
				92489A1D2799D9BF00639B52 /* Release */,
			);
			defaultConfigurationIsVisible = 0;
			defaultConfigurationName = Release;
		};
/* End XCConfigurationList section */
	};
	rootObject = 924899FF2799D9BD00639B52 /* Project object */;
}
